
Microsoft Visual Studio Solution File, Format Version 12.00
# Visual Studio Version 17
VisualStudioVersion = 17.6.33829.357
MinimumVisualStudioVersion = 10.0.40219.1
Project("{9A19103F-16F7-4668-BE54-9A1E7A4F7556}") = "Problemset_MainFolder", "Problemset_MainFolder\Problemset_MainFolder.csproj", "{D65FB514-81DA-4AA6-BD58-E577FD64B751}"
EndProject
Project("{9A19103F-16F7-4668-BE54-9A1E7A4F7556}") = "A. Ilya and Bank Account", "A. Ilya and Bank Account\A. Ilya and Bank Account.csproj", "{E466564C-4C0D-43CD-B01C-943AB0357A8D}"
EndProject
Project("{9A19103F-16F7-4668-BE54-9A1E7A4F7556}") = "A. Chat room", "A. Chat room\A. Chat room.csproj", "{79E6BA0D-6F4D-4E83-82DA-35EA047C262A}"
EndProject
Project("{9A19103F-16F7-4668-BE54-9A1E7A4F7556}") = "A. Twins", "A. Twins\A. Twins.csproj", "{E32ADCEC-5969-4557-B634-6D61501098F9}"
EndProject
Project("{9A19103F-16F7-4668-BE54-9A1E7A4F7556}") = "A. Arrival of the General", "A. Arrival of the General\A. Arrival of the General.csproj", "{DBF2FA12-46F4-4D49-836C-E910DAFF6347}"
EndProject
Project("{9A19103F-16F7-4668-BE54-9A1E7A4F7556}") = "A. Even Odds", "A. Even Odds\A. Even Odds.csproj", "{AD05D44C-F347-46C4-B8F8-E0C8C52A00BC}"
EndProject
Project("{9A19103F-16F7-4668-BE54-9A1E7A4F7556}") = "A. Insomnia cure", "A. Insomnia cure\A. Insomnia cure.csproj", "{1A6904F6-BCA7-4B29-8A29-C8D238490711}"
EndProject
Project("{9A19103F-16F7-4668-BE54-9A1E7A4F7556}") = "B. Even Array", "B. Even Array\B. Even Array.csproj", "{59658C87-4857-4535-82AE-56E3ECFEF23B}"
EndProject
Project("{9A19103F-16F7-4668-BE54-9A1E7A4F7556}") = "A. Football", "A. Football\A. Football.csproj", "{684D3527-BC2B-44AB-85A6-103E51D72E06}"
EndProject
Project("{9A19103F-16F7-4668-BE54-9A1E7A4F7556}") = "A. Die Roll", "A. Die Roll\A. Die Roll.csproj", "{0D24CF1E-2B9E-4A31-AF99-5F89122B6F22}"
EndProject
Project("{9A19103F-16F7-4668-BE54-9A1E7A4F7556}") = "A. Candies", "A. Candies\A. Candies.csproj", "{5130A17A-548D-4D8E-ACDD-6EFC5C59B0B2}"
EndProject
Project("{9A19103F-16F7-4668-BE54-9A1E7A4F7556}") = "B. Sale", "B. Sale\B. Sale.csproj", "{F82F1AC3-3ECB-4700-A3A2-6444E0D61425}"
EndProject
Project("{9A19103F-16F7-4668-BE54-9A1E7A4F7556}") = "A. Vasya and Socks", "A. Vasya and Socks\A. Vasya and Socks.csproj", "{3731AA96-F6BE-462A-AD56-CD2CDAAAB95B}"
EndProject
Project("{9A19103F-16F7-4668-BE54-9A1E7A4F7556}") = "A. New Year Candles", "A. New Year Candles\A. New Year Candles.csproj", "{378F9228-C343-4370-9EBF-837B61611618}"
EndProject
Project("{9A19103F-16F7-4668-BE54-9A1E7A4F7556}") = "B. Multiply by 2, divide by 6", "B. Multiply by 2, divide by 6\B. Multiply by 2, divide by 6.csproj", "{A9F91259-CFD3-44D5-AE6C-058AF83FEA26}"
EndProject
Project("{9A19103F-16F7-4668-BE54-9A1E7A4F7556}") = "A. Olesya and Rodion", "A. Olesya and Rodion\A. Olesya and Rodion.csproj", "{D000AABA-CAE5-460F-98B2-EEB62869B568}"
EndProject
Project("{9A19103F-16F7-4668-BE54-9A1E7A4F7556}") = "A. Keyboard", "A. Keyboard\A. Keyboard.csproj", "{1182E2A0-B02E-4769-839E-65FF456FB9BE}"
EndProject
Project("{9A19103F-16F7-4668-BE54-9A1E7A4F7556}") = "A. Dreamoon and Stairs", "A. Dreamoon and Stairs\A. Dreamoon and Stairs.csproj", "{19053E6E-59B4-4BA3-9133-E6A8D5AE5050}"
EndProject
Project("{9A19103F-16F7-4668-BE54-9A1E7A4F7556}") = "A. To My Critics", "A. To My Critics\A. To My Critics.csproj", "{BD44A34F-222E-4148-9A87-1D797C70FF59}"
EndProject
Project("{9A19103F-16F7-4668-BE54-9A1E7A4F7556}") = "A. Array with Odd Sum", "A. Array with Odd Sum\A. Array with Odd Sum.csproj", "{1F3D1065-F5E4-40DA-9156-2801FDCFF655}"
EndProject
Project("{9A19103F-16F7-4668-BE54-9A1E7A4F7556}") = "A. Case of the Zeros and Ones", "A. Case of the Zeros and Ones\A. Case of the Zeros and Ones.csproj", "{F29E9B34-DB2E-4C45-8068-631E7C9131C1}"
EndProject
Project("{9A19103F-16F7-4668-BE54-9A1E7A4F7556}") = "A. Park Lighting", "A. Park Lighting\A. Park Lighting.csproj", "{53AC05A0-B05F-460B-998D-E6F7C489B2E2}"
EndProject
Project("{9A19103F-16F7-4668-BE54-9A1E7A4F7556}") = "A. Array Coloring", "A. Array Coloring\A. Array Coloring.csproj", "{9818EC1E-510A-42CE-8339-D54DBD21F352}"
EndProject
Project("{9A19103F-16F7-4668-BE54-9A1E7A4F7556}") = "A. Multiplication Table", "A. Multiplication Table\A. Multiplication Table.csproj", "{4C5D2338-122D-438F-B058-8E2775243271}"
EndProject
Project("{9A19103F-16F7-4668-BE54-9A1E7A4F7556}") = "B. Construct the String", "B. Construct the String\B. Construct the String.csproj", "{47820A0A-C3A9-45D2-ADA8-51F182EB7E05}"
EndProject
Project("{9A19103F-16F7-4668-BE54-9A1E7A4F7556}") = "B. Triple", "B. Triple\B. Triple.csproj", "{CC9934EC-0FBA-4A89-B58E-F9E2B75CAE0A}"
EndProject
Project("{9A19103F-16F7-4668-BE54-9A1E7A4F7556}") = "B. Lecture", "B. Lecture\B. Lecture.csproj", "{918BD7A7-348B-49AD-9B83-149C66E20C4F}"
EndProject
Project("{9A19103F-16F7-4668-BE54-9A1E7A4F7556}") = "A. Business trip", "A. Business trip\A. Business trip.csproj", "{6833D54E-2F5B-4640-A22D-51EAD942B2CF}"
EndProject
Project("{9A19103F-16F7-4668-BE54-9A1E7A4F7556}") = "B. Ten Words of Wisdom", "B. Ten Words of Wisdom\B. Ten Words of Wisdom.csproj", "{79289D4A-B87B-4FDB-914F-807491ADC13F}"
EndProject
Project("{9A19103F-16F7-4668-BE54-9A1E7A4F7556}") = "A. Vasya and Coins", "A. Vasya and Coins\A. Vasya and Coins.csproj", "{6FB09E4F-A982-47E6-A2BA-463FFDC69D2D}"
EndProject
Project("{9A19103F-16F7-4668-BE54-9A1E7A4F7556}") = "C. Word on the Paper", "C. Word on the Paper\C. Word on the Paper.csproj", "{0CC03C85-26DA-4720-891D-EF6F6E868EE9}"
EndProject
Project("{9A19103F-16F7-4668-BE54-9A1E7A4F7556}") = "A. The number of positions", "A. The number of positions\A. The number of positions.csproj", "{6F16D18C-DBB7-4C11-9162-175CD230B2C8}"
EndProject
Project("{9A19103F-16F7-4668-BE54-9A1E7A4F7556}") = "B. Who's Opposite", "B. Who's Opposite\B. Who's Opposite.csproj", "{294C57E4-2FDD-4490-92B0-4B5E42F604CE}"
EndProject
Project("{9A19103F-16F7-4668-BE54-9A1E7A4F7556}") = "B. Blank Space", "B. Blank Space\B. Blank Space.csproj", "{5AEA4F3E-52C4-40DD-B5B8-25D8CAB2715C}"
EndProject
Project("{9A19103F-16F7-4668-BE54-9A1E7A4F7556}") = "B. Two-gram", "B. Two-gram\B. Two-gram.csproj", "{4E5A94D2-85F6-4894-9FF9-78B43709E325}"
EndProject
Project("{9A19103F-16F7-4668-BE54-9A1E7A4F7556}") = "A. Short Sort", "A. Short Sort\A. Short Sort.csproj", "{27E0849F-7C6E-49C3-A6B1-A3E5B3548310}"
EndProject
Project("{9A19103F-16F7-4668-BE54-9A1E7A4F7556}") = "B. Good Kid", "B. Good Kid\B. Good Kid.csproj", "{D23A846D-6F37-4AE5-939B-7C438EF00E16}"
EndProject
Project("{9A19103F-16F7-4668-BE54-9A1E7A4F7556}") = "B. Kana and Dragon Quest game", "B. Kana and Dragon Quest game\B. Kana and Dragon Quest game.csproj", "{B4BD10FE-5B71-4EF6-80C9-F4964D1E356A}"
EndProject
Project("{9A19103F-16F7-4668-BE54-9A1E7A4F7556}") = "A. Two Vessels", "A. Two Vessels\A. Two Vessels.csproj", "{432E3D19-EEF2-4F86-B54F-F6D5DC363674}"
EndProject
Project("{9A19103F-16F7-4668-BE54-9A1E7A4F7556}") = "A. System of Equations", "A. System of Equations\A. System of Equations.csproj", "{B22BD388-2EA5-497E-8B3F-5E6D0C194B8D}"
EndProject
Project("{9A19103F-16F7-4668-BE54-9A1E7A4F7556}") = "A. Magic Numbers", "A. Magic Numbers\A. Magic Numbers.csproj", "{9C64D0A4-6AE9-4464-A49D-7D56B9F9AAD4}"
EndProject
Project("{9A19103F-16F7-4668-BE54-9A1E7A4F7556}") = "A. QAQ", "A. QAQ\A. QAQ.csproj", "{AB90A1E8-38E6-43F3-B0FF-844B5C502FF6}"
EndProject
Project("{9A19103F-16F7-4668-BE54-9A1E7A4F7556}") = "B. Friends and Candies", "B. Friends and Candies\B. Friends and Candies.csproj", "{81A26D0B-607C-4BB3-BA40-04CE63326E5D}"
EndProject
Project("{FAE04EC0-301F-11D3-BF4B-00C04F79EFBC}") = "C. Odd_Even Increments", "C. Odd_Even Increments\C. Odd_Even Increments.csproj", "{28D085A6-B7D9-4118-BB9C-4877BDEAE7D5}"
EndProject
Global
	GlobalSection(SolutionConfigurationPlatforms) = preSolution
		Debug|Any CPU = Debug|Any CPU
		Release|Any CPU = Release|Any CPU
	EndGlobalSection
	GlobalSection(ProjectConfigurationPlatforms) = postSolution
		{D65FB514-81DA-4AA6-BD58-E577FD64B751}.Debug|Any CPU.ActiveCfg = Debug|Any CPU
		{D65FB514-81DA-4AA6-BD58-E577FD64B751}.Debug|Any CPU.Build.0 = Debug|Any CPU
		{D65FB514-81DA-4AA6-BD58-E577FD64B751}.Release|Any CPU.ActiveCfg = Release|Any CPU
		{D65FB514-81DA-4AA6-BD58-E577FD64B751}.Release|Any CPU.Build.0 = Release|Any CPU
		{E466564C-4C0D-43CD-B01C-943AB0357A8D}.Debug|Any CPU.ActiveCfg = Debug|Any CPU
		{E466564C-4C0D-43CD-B01C-943AB0357A8D}.Debug|Any CPU.Build.0 = Debug|Any CPU
		{E466564C-4C0D-43CD-B01C-943AB0357A8D}.Release|Any CPU.ActiveCfg = Release|Any CPU
		{E466564C-4C0D-43CD-B01C-943AB0357A8D}.Release|Any CPU.Build.0 = Release|Any CPU
		{79E6BA0D-6F4D-4E83-82DA-35EA047C262A}.Debug|Any CPU.ActiveCfg = Debug|Any CPU
		{79E6BA0D-6F4D-4E83-82DA-35EA047C262A}.Debug|Any CPU.Build.0 = Debug|Any CPU
		{79E6BA0D-6F4D-4E83-82DA-35EA047C262A}.Release|Any CPU.ActiveCfg = Release|Any CPU
		{79E6BA0D-6F4D-4E83-82DA-35EA047C262A}.Release|Any CPU.Build.0 = Release|Any CPU
		{E32ADCEC-5969-4557-B634-6D61501098F9}.Debug|Any CPU.ActiveCfg = Debug|Any CPU
		{E32ADCEC-5969-4557-B634-6D61501098F9}.Debug|Any CPU.Build.0 = Debug|Any CPU
		{E32ADCEC-5969-4557-B634-6D61501098F9}.Release|Any CPU.ActiveCfg = Release|Any CPU
		{E32ADCEC-5969-4557-B634-6D61501098F9}.Release|Any CPU.Build.0 = Release|Any CPU
		{DBF2FA12-46F4-4D49-836C-E910DAFF6347}.Debug|Any CPU.ActiveCfg = Debug|Any CPU
		{DBF2FA12-46F4-4D49-836C-E910DAFF6347}.Debug|Any CPU.Build.0 = Debug|Any CPU
		{DBF2FA12-46F4-4D49-836C-E910DAFF6347}.Release|Any CPU.ActiveCfg = Release|Any CPU
		{DBF2FA12-46F4-4D49-836C-E910DAFF6347}.Release|Any CPU.Build.0 = Release|Any CPU
		{AD05D44C-F347-46C4-B8F8-E0C8C52A00BC}.Debug|Any CPU.ActiveCfg = Debug|Any CPU
		{AD05D44C-F347-46C4-B8F8-E0C8C52A00BC}.Debug|Any CPU.Build.0 = Debug|Any CPU
		{AD05D44C-F347-46C4-B8F8-E0C8C52A00BC}.Release|Any CPU.ActiveCfg = Release|Any CPU
		{AD05D44C-F347-46C4-B8F8-E0C8C52A00BC}.Release|Any CPU.Build.0 = Release|Any CPU
		{1A6904F6-BCA7-4B29-8A29-C8D238490711}.Debug|Any CPU.ActiveCfg = Debug|Any CPU
		{1A6904F6-BCA7-4B29-8A29-C8D238490711}.Debug|Any CPU.Build.0 = Debug|Any CPU
		{1A6904F6-BCA7-4B29-8A29-C8D238490711}.Release|Any CPU.ActiveCfg = Release|Any CPU
		{1A6904F6-BCA7-4B29-8A29-C8D238490711}.Release|Any CPU.Build.0 = Release|Any CPU
		{59658C87-4857-4535-82AE-56E3ECFEF23B}.Debug|Any CPU.ActiveCfg = Debug|Any CPU
		{59658C87-4857-4535-82AE-56E3ECFEF23B}.Debug|Any CPU.Build.0 = Debug|Any CPU
		{59658C87-4857-4535-82AE-56E3ECFEF23B}.Release|Any CPU.ActiveCfg = Release|Any CPU
		{59658C87-4857-4535-82AE-56E3ECFEF23B}.Release|Any CPU.Build.0 = Release|Any CPU
		{684D3527-BC2B-44AB-85A6-103E51D72E06}.Debug|Any CPU.ActiveCfg = Debug|Any CPU
		{684D3527-BC2B-44AB-85A6-103E51D72E06}.Debug|Any CPU.Build.0 = Debug|Any CPU
		{684D3527-BC2B-44AB-85A6-103E51D72E06}.Release|Any CPU.ActiveCfg = Release|Any CPU
		{684D3527-BC2B-44AB-85A6-103E51D72E06}.Release|Any CPU.Build.0 = Release|Any CPU
		{0D24CF1E-2B9E-4A31-AF99-5F89122B6F22}.Debug|Any CPU.ActiveCfg = Debug|Any CPU
		{0D24CF1E-2B9E-4A31-AF99-5F89122B6F22}.Debug|Any CPU.Build.0 = Debug|Any CPU
		{0D24CF1E-2B9E-4A31-AF99-5F89122B6F22}.Release|Any CPU.ActiveCfg = Release|Any CPU
		{0D24CF1E-2B9E-4A31-AF99-5F89122B6F22}.Release|Any CPU.Build.0 = Release|Any CPU
		{5130A17A-548D-4D8E-ACDD-6EFC5C59B0B2}.Debug|Any CPU.ActiveCfg = Debug|Any CPU
		{5130A17A-548D-4D8E-ACDD-6EFC5C59B0B2}.Debug|Any CPU.Build.0 = Debug|Any CPU
		{5130A17A-548D-4D8E-ACDD-6EFC5C59B0B2}.Release|Any CPU.ActiveCfg = Release|Any CPU
		{5130A17A-548D-4D8E-ACDD-6EFC5C59B0B2}.Release|Any CPU.Build.0 = Release|Any CPU
		{F82F1AC3-3ECB-4700-A3A2-6444E0D61425}.Debug|Any CPU.ActiveCfg = Debug|Any CPU
		{F82F1AC3-3ECB-4700-A3A2-6444E0D61425}.Debug|Any CPU.Build.0 = Debug|Any CPU
		{F82F1AC3-3ECB-4700-A3A2-6444E0D61425}.Release|Any CPU.ActiveCfg = Release|Any CPU
		{F82F1AC3-3ECB-4700-A3A2-6444E0D61425}.Release|Any CPU.Build.0 = Release|Any CPU
		{3731AA96-F6BE-462A-AD56-CD2CDAAAB95B}.Debug|Any CPU.ActiveCfg = Debug|Any CPU
		{3731AA96-F6BE-462A-AD56-CD2CDAAAB95B}.Debug|Any CPU.Build.0 = Debug|Any CPU
		{3731AA96-F6BE-462A-AD56-CD2CDAAAB95B}.Release|Any CPU.ActiveCfg = Release|Any CPU
		{3731AA96-F6BE-462A-AD56-CD2CDAAAB95B}.Release|Any CPU.Build.0 = Release|Any CPU
		{378F9228-C343-4370-9EBF-837B61611618}.Debug|Any CPU.ActiveCfg = Debug|Any CPU
		{378F9228-C343-4370-9EBF-837B61611618}.Debug|Any CPU.Build.0 = Debug|Any CPU
		{378F9228-C343-4370-9EBF-837B61611618}.Release|Any CPU.ActiveCfg = Release|Any CPU
		{378F9228-C343-4370-9EBF-837B61611618}.Release|Any CPU.Build.0 = Release|Any CPU
		{A9F91259-CFD3-44D5-AE6C-058AF83FEA26}.Debug|Any CPU.ActiveCfg = Debug|Any CPU
		{A9F91259-CFD3-44D5-AE6C-058AF83FEA26}.Debug|Any CPU.Build.0 = Debug|Any CPU
		{A9F91259-CFD3-44D5-AE6C-058AF83FEA26}.Release|Any CPU.ActiveCfg = Release|Any CPU
		{A9F91259-CFD3-44D5-AE6C-058AF83FEA26}.Release|Any CPU.Build.0 = Release|Any CPU
		{D000AABA-CAE5-460F-98B2-EEB62869B568}.Debug|Any CPU.ActiveCfg = Debug|Any CPU
		{D000AABA-CAE5-460F-98B2-EEB62869B568}.Debug|Any CPU.Build.0 = Debug|Any CPU
		{D000AABA-CAE5-460F-98B2-EEB62869B568}.Release|Any CPU.ActiveCfg = Release|Any CPU
		{D000AABA-CAE5-460F-98B2-EEB62869B568}.Release|Any CPU.Build.0 = Release|Any CPU
		{1182E2A0-B02E-4769-839E-65FF456FB9BE}.Debug|Any CPU.ActiveCfg = Debug|Any CPU
		{1182E2A0-B02E-4769-839E-65FF456FB9BE}.Debug|Any CPU.Build.0 = Debug|Any CPU
		{1182E2A0-B02E-4769-839E-65FF456FB9BE}.Release|Any CPU.ActiveCfg = Release|Any CPU
		{1182E2A0-B02E-4769-839E-65FF456FB9BE}.Release|Any CPU.Build.0 = Release|Any CPU
		{19053E6E-59B4-4BA3-9133-E6A8D5AE5050}.Debug|Any CPU.ActiveCfg = Debug|Any CPU
		{19053E6E-59B4-4BA3-9133-E6A8D5AE5050}.Debug|Any CPU.Build.0 = Debug|Any CPU
		{19053E6E-59B4-4BA3-9133-E6A8D5AE5050}.Release|Any CPU.ActiveCfg = Release|Any CPU
		{19053E6E-59B4-4BA3-9133-E6A8D5AE5050}.Release|Any CPU.Build.0 = Release|Any CPU
		{BD44A34F-222E-4148-9A87-1D797C70FF59}.Debug|Any CPU.ActiveCfg = Debug|Any CPU
		{BD44A34F-222E-4148-9A87-1D797C70FF59}.Debug|Any CPU.Build.0 = Debug|Any CPU
		{BD44A34F-222E-4148-9A87-1D797C70FF59}.Release|Any CPU.ActiveCfg = Release|Any CPU
		{BD44A34F-222E-4148-9A87-1D797C70FF59}.Release|Any CPU.Build.0 = Release|Any CPU
		{1F3D1065-F5E4-40DA-9156-2801FDCFF655}.Debug|Any CPU.ActiveCfg = Debug|Any CPU
		{1F3D1065-F5E4-40DA-9156-2801FDCFF655}.Debug|Any CPU.Build.0 = Debug|Any CPU
		{1F3D1065-F5E4-40DA-9156-2801FDCFF655}.Release|Any CPU.ActiveCfg = Release|Any CPU
		{1F3D1065-F5E4-40DA-9156-2801FDCFF655}.Release|Any CPU.Build.0 = Release|Any CPU
		{F29E9B34-DB2E-4C45-8068-631E7C9131C1}.Debug|Any CPU.ActiveCfg = Debug|Any CPU
		{F29E9B34-DB2E-4C45-8068-631E7C9131C1}.Debug|Any CPU.Build.0 = Debug|Any CPU
		{F29E9B34-DB2E-4C45-8068-631E7C9131C1}.Release|Any CPU.ActiveCfg = Release|Any CPU
		{F29E9B34-DB2E-4C45-8068-631E7C9131C1}.Release|Any CPU.Build.0 = Release|Any CPU
		{53AC05A0-B05F-460B-998D-E6F7C489B2E2}.Debug|Any CPU.ActiveCfg = Debug|Any CPU
		{53AC05A0-B05F-460B-998D-E6F7C489B2E2}.Debug|Any CPU.Build.0 = Debug|Any CPU
		{53AC05A0-B05F-460B-998D-E6F7C489B2E2}.Release|Any CPU.ActiveCfg = Release|Any CPU
		{53AC05A0-B05F-460B-998D-E6F7C489B2E2}.Release|Any CPU.Build.0 = Release|Any CPU
		{9818EC1E-510A-42CE-8339-D54DBD21F352}.Debug|Any CPU.ActiveCfg = Debug|Any CPU
		{9818EC1E-510A-42CE-8339-D54DBD21F352}.Debug|Any CPU.Build.0 = Debug|Any CPU
		{9818EC1E-510A-42CE-8339-D54DBD21F352}.Release|Any CPU.ActiveCfg = Release|Any CPU
		{9818EC1E-510A-42CE-8339-D54DBD21F352}.Release|Any CPU.Build.0 = Release|Any CPU
		{4C5D2338-122D-438F-B058-8E2775243271}.Debug|Any CPU.ActiveCfg = Debug|Any CPU
		{4C5D2338-122D-438F-B058-8E2775243271}.Debug|Any CPU.Build.0 = Debug|Any CPU
		{4C5D2338-122D-438F-B058-8E2775243271}.Release|Any CPU.ActiveCfg = Release|Any CPU
		{4C5D2338-122D-438F-B058-8E2775243271}.Release|Any CPU.Build.0 = Release|Any CPU
		{47820A0A-C3A9-45D2-ADA8-51F182EB7E05}.Debug|Any CPU.ActiveCfg = Debug|Any CPU
		{47820A0A-C3A9-45D2-ADA8-51F182EB7E05}.Debug|Any CPU.Build.0 = Debug|Any CPU
		{47820A0A-C3A9-45D2-ADA8-51F182EB7E05}.Release|Any CPU.ActiveCfg = Release|Any CPU
		{47820A0A-C3A9-45D2-ADA8-51F182EB7E05}.Release|Any CPU.Build.0 = Release|Any CPU
		{CC9934EC-0FBA-4A89-B58E-F9E2B75CAE0A}.Debug|Any CPU.ActiveCfg = Debug|Any CPU
		{CC9934EC-0FBA-4A89-B58E-F9E2B75CAE0A}.Debug|Any CPU.Build.0 = Debug|Any CPU
		{CC9934EC-0FBA-4A89-B58E-F9E2B75CAE0A}.Release|Any CPU.ActiveCfg = Release|Any CPU
		{CC9934EC-0FBA-4A89-B58E-F9E2B75CAE0A}.Release|Any CPU.Build.0 = Release|Any CPU
		{918BD7A7-348B-49AD-9B83-149C66E20C4F}.Debug|Any CPU.ActiveCfg = Debug|Any CPU
		{918BD7A7-348B-49AD-9B83-149C66E20C4F}.Debug|Any CPU.Build.0 = Debug|Any CPU
		{918BD7A7-348B-49AD-9B83-149C66E20C4F}.Release|Any CPU.ActiveCfg = Release|Any CPU
		{918BD7A7-348B-49AD-9B83-149C66E20C4F}.Release|Any CPU.Build.0 = Release|Any CPU
		{6833D54E-2F5B-4640-A22D-51EAD942B2CF}.Debug|Any CPU.ActiveCfg = Debug|Any CPU
		{6833D54E-2F5B-4640-A22D-51EAD942B2CF}.Debug|Any CPU.Build.0 = Debug|Any CPU
		{6833D54E-2F5B-4640-A22D-51EAD942B2CF}.Release|Any CPU.ActiveCfg = Release|Any CPU
		{6833D54E-2F5B-4640-A22D-51EAD942B2CF}.Release|Any CPU.Build.0 = Release|Any CPU
		{79289D4A-B87B-4FDB-914F-807491ADC13F}.Debug|Any CPU.ActiveCfg = Debug|Any CPU
		{79289D4A-B87B-4FDB-914F-807491ADC13F}.Debug|Any CPU.Build.0 = Debug|Any CPU
		{79289D4A-B87B-4FDB-914F-807491ADC13F}.Release|Any CPU.ActiveCfg = Release|Any CPU
		{79289D4A-B87B-4FDB-914F-807491ADC13F}.Release|Any CPU.Build.0 = Release|Any CPU
		{6FB09E4F-A982-47E6-A2BA-463FFDC69D2D}.Debug|Any CPU.ActiveCfg = Debug|Any CPU
		{6FB09E4F-A982-47E6-A2BA-463FFDC69D2D}.Debug|Any CPU.Build.0 = Debug|Any CPU
		{6FB09E4F-A982-47E6-A2BA-463FFDC69D2D}.Release|Any CPU.ActiveCfg = Release|Any CPU
		{6FB09E4F-A982-47E6-A2BA-463FFDC69D2D}.Release|Any CPU.Build.0 = Release|Any CPU
		{0CC03C85-26DA-4720-891D-EF6F6E868EE9}.Debug|Any CPU.ActiveCfg = Debug|Any CPU
		{0CC03C85-26DA-4720-891D-EF6F6E868EE9}.Debug|Any CPU.Build.0 = Debug|Any CPU
		{0CC03C85-26DA-4720-891D-EF6F6E868EE9}.Release|Any CPU.ActiveCfg = Release|Any CPU
		{0CC03C85-26DA-4720-891D-EF6F6E868EE9}.Release|Any CPU.Build.0 = Release|Any CPU
		{6F16D18C-DBB7-4C11-9162-175CD230B2C8}.Debug|Any CPU.ActiveCfg = Debug|Any CPU
		{6F16D18C-DBB7-4C11-9162-175CD230B2C8}.Debug|Any CPU.Build.0 = Debug|Any CPU
		{6F16D18C-DBB7-4C11-9162-175CD230B2C8}.Release|Any CPU.ActiveCfg = Release|Any CPU
		{6F16D18C-DBB7-4C11-9162-175CD230B2C8}.Release|Any CPU.Build.0 = Release|Any CPU
		{294C57E4-2FDD-4490-92B0-4B5E42F604CE}.Debug|Any CPU.ActiveCfg = Debug|Any CPU
		{294C57E4-2FDD-4490-92B0-4B5E42F604CE}.Debug|Any CPU.Build.0 = Debug|Any CPU
		{294C57E4-2FDD-4490-92B0-4B5E42F604CE}.Release|Any CPU.ActiveCfg = Release|Any CPU
		{294C57E4-2FDD-4490-92B0-4B5E42F604CE}.Release|Any CPU.Build.0 = Release|Any CPU
		{5AEA4F3E-52C4-40DD-B5B8-25D8CAB2715C}.Debug|Any CPU.ActiveCfg = Debug|Any CPU
		{5AEA4F3E-52C4-40DD-B5B8-25D8CAB2715C}.Debug|Any CPU.Build.0 = Debug|Any CPU
		{5AEA4F3E-52C4-40DD-B5B8-25D8CAB2715C}.Release|Any CPU.ActiveCfg = Release|Any CPU
		{5AEA4F3E-52C4-40DD-B5B8-25D8CAB2715C}.Release|Any CPU.Build.0 = Release|Any CPU
		{4E5A94D2-85F6-4894-9FF9-78B43709E325}.Debug|Any CPU.ActiveCfg = Debug|Any CPU
		{4E5A94D2-85F6-4894-9FF9-78B43709E325}.Debug|Any CPU.Build.0 = Debug|Any CPU
		{4E5A94D2-85F6-4894-9FF9-78B43709E325}.Release|Any CPU.ActiveCfg = Release|Any CPU
		{4E5A94D2-85F6-4894-9FF9-78B43709E325}.Release|Any CPU.Build.0 = Release|Any CPU
		{27E0849F-7C6E-49C3-A6B1-A3E5B3548310}.Debug|Any CPU.ActiveCfg = Debug|Any CPU
		{27E0849F-7C6E-49C3-A6B1-A3E5B3548310}.Debug|Any CPU.Build.0 = Debug|Any CPU
		{27E0849F-7C6E-49C3-A6B1-A3E5B3548310}.Release|Any CPU.ActiveCfg = Release|Any CPU
		{27E0849F-7C6E-49C3-A6B1-A3E5B3548310}.Release|Any CPU.Build.0 = Release|Any CPU
		{D23A846D-6F37-4AE5-939B-7C438EF00E16}.Debug|Any CPU.ActiveCfg = Debug|Any CPU
		{D23A846D-6F37-4AE5-939B-7C438EF00E16}.Debug|Any CPU.Build.0 = Debug|Any CPU
		{D23A846D-6F37-4AE5-939B-7C438EF00E16}.Release|Any CPU.ActiveCfg = Release|Any CPU
		{D23A846D-6F37-4AE5-939B-7C438EF00E16}.Release|Any CPU.Build.0 = Release|Any CPU
		{B4BD10FE-5B71-4EF6-80C9-F4964D1E356A}.Debug|Any CPU.ActiveCfg = Debug|Any CPU
		{B4BD10FE-5B71-4EF6-80C9-F4964D1E356A}.Debug|Any CPU.Build.0 = Debug|Any CPU
		{B4BD10FE-5B71-4EF6-80C9-F4964D1E356A}.Release|Any CPU.ActiveCfg = Release|Any CPU
		{B4BD10FE-5B71-4EF6-80C9-F4964D1E356A}.Release|Any CPU.Build.0 = Release|Any CPU
		{432E3D19-EEF2-4F86-B54F-F6D5DC363674}.Debug|Any CPU.ActiveCfg = Debug|Any CPU
		{432E3D19-EEF2-4F86-B54F-F6D5DC363674}.Debug|Any CPU.Build.0 = Debug|Any CPU
		{432E3D19-EEF2-4F86-B54F-F6D5DC363674}.Release|Any CPU.ActiveCfg = Release|Any CPU
		{432E3D19-EEF2-4F86-B54F-F6D5DC363674}.Release|Any CPU.Build.0 = Release|Any CPU
		{B22BD388-2EA5-497E-8B3F-5E6D0C194B8D}.Debug|Any CPU.ActiveCfg = Debug|Any CPU
		{B22BD388-2EA5-497E-8B3F-5E6D0C194B8D}.Debug|Any CPU.Build.0 = Debug|Any CPU
		{B22BD388-2EA5-497E-8B3F-5E6D0C194B8D}.Release|Any CPU.ActiveCfg = Release|Any CPU
		{B22BD388-2EA5-497E-8B3F-5E6D0C194B8D}.Release|Any CPU.Build.0 = Release|Any CPU
		{9C64D0A4-6AE9-4464-A49D-7D56B9F9AAD4}.Debug|Any CPU.ActiveCfg = Debug|Any CPU
		{9C64D0A4-6AE9-4464-A49D-7D56B9F9AAD4}.Debug|Any CPU.Build.0 = Debug|Any CPU
		{9C64D0A4-6AE9-4464-A49D-7D56B9F9AAD4}.Release|Any CPU.ActiveCfg = Release|Any CPU
		{9C64D0A4-6AE9-4464-A49D-7D56B9F9AAD4}.Release|Any CPU.Build.0 = Release|Any CPU
		{AB90A1E8-38E6-43F3-B0FF-844B5C502FF6}.Debug|Any CPU.ActiveCfg = Debug|Any CPU
		{AB90A1E8-38E6-43F3-B0FF-844B5C502FF6}.Debug|Any CPU.Build.0 = Debug|Any CPU
		{AB90A1E8-38E6-43F3-B0FF-844B5C502FF6}.Release|Any CPU.ActiveCfg = Release|Any CPU
		{AB90A1E8-38E6-43F3-B0FF-844B5C502FF6}.Release|Any CPU.Build.0 = Release|Any CPU
		{81A26D0B-607C-4BB3-BA40-04CE63326E5D}.Debug|Any CPU.ActiveCfg = Debug|Any CPU
		{81A26D0B-607C-4BB3-BA40-04CE63326E5D}.Debug|Any CPU.Build.0 = Debug|Any CPU
		{81A26D0B-607C-4BB3-BA40-04CE63326E5D}.Release|Any CPU.ActiveCfg = Release|Any CPU
		{81A26D0B-607C-4BB3-BA40-04CE63326E5D}.Release|Any CPU.Build.0 = Release|Any CPU
		{28D085A6-B7D9-4118-BB9C-4877BDEAE7D5}.Debug|Any CPU.ActiveCfg = Debug|Any CPU
		{28D085A6-B7D9-4118-BB9C-4877BDEAE7D5}.Debug|Any CPU.Build.0 = Debug|Any CPU
		{28D085A6-B7D9-4118-BB9C-4877BDEAE7D5}.Release|Any CPU.ActiveCfg = Release|Any CPU
		{28D085A6-B7D9-4118-BB9C-4877BDEAE7D5}.Release|Any CPU.Build.0 = Release|Any CPU
	EndGlobalSection
	GlobalSection(SolutionProperties) = preSolution
		HideSolutionNode = FALSE
	EndGlobalSection
	GlobalSection(ExtensibilityGlobals) = postSolution
		SolutionGuid = {81F1667D-DC5A-4454-9367-36D9C0CC30A1}
	EndGlobalSection
EndGlobal
