
Microsoft Visual Studio Solution File, Format Version 12.00
# Visual Studio Version 17
VisualStudioVersion = 17.6.33829.357
MinimumVisualStudioVersion = 10.0.40219.1
Project("{9A19103F-16F7-4668-BE54-9A1E7A4F7556}") = "Problemset_MainFolder", "Problemset_MainFolder\Problemset_MainFolder.csproj", "{D65FB514-81DA-4AA6-BD58-E577FD64B751}"
EndProject
Project("{9A19103F-16F7-4668-BE54-9A1E7A4F7556}") = "A. Ilya and Bank Account", "A. Ilya and Bank Account\A. Ilya and Bank Account.csproj", "{E466564C-4C0D-43CD-B01C-943AB0357A8D}"
EndProject
Project("{9A19103F-16F7-4668-BE54-9A1E7A4F7556}") = "A. Chat room", "A. Chat room\A. Chat room.csproj", "{79E6BA0D-6F4D-4E83-82DA-35EA047C262A}"
EndProject
Project("{9A19103F-16F7-4668-BE54-9A1E7A4F7556}") = "A. Twins", "A. Twins\A. Twins.csproj", "{E32ADCEC-5969-4557-B634-6D61501098F9}"
EndProject
Project("{9A19103F-16F7-4668-BE54-9A1E7A4F7556}") = "A. Arrival of the General", "A. Arrival of the General\A. Arrival of the General.csproj", "{DBF2FA12-46F4-4D49-836C-E910DAFF6347}"
EndProject
Project("{9A19103F-16F7-4668-BE54-9A1E7A4F7556}") = "A. Even Odds", "A. Even Odds\A. Even Odds.csproj", "{AD05D44C-F347-46C4-B8F8-E0C8C52A00BC}"
EndProject
Project("{9A19103F-16F7-4668-BE54-9A1E7A4F7556}") = "A. Insomnia cure", "A. Insomnia cure\A. Insomnia cure.csproj", "{1A6904F6-BCA7-4B29-8A29-C8D238490711}"
EndProject
Project("{9A19103F-16F7-4668-BE54-9A1E7A4F7556}") = "B. Even Array", "B. Even Array\B. Even Array.csproj", "{59658C87-4857-4535-82AE-56E3ECFEF23B}"
EndProject
Project("{9A19103F-16F7-4668-BE54-9A1E7A4F7556}") = "A. Football", "A. Football\A. Football.csproj", "{684D3527-BC2B-44AB-85A6-103E51D72E06}"
EndProject
Project("{9A19103F-16F7-4668-BE54-9A1E7A4F7556}") = "A. Die Roll", "A. Die Roll\A. Die Roll.csproj", "{0D24CF1E-2B9E-4A31-AF99-5F89122B6F22}"
EndProject
Project("{9A19103F-16F7-4668-BE54-9A1E7A4F7556}") = "A. Candies", "A. Candies\A. Candies.csproj", "{5130A17A-548D-4D8E-ACDD-6EFC5C59B0B2}"
EndProject
Project("{9A19103F-16F7-4668-BE54-9A1E7A4F7556}") = "B. Sale", "B. Sale\B. Sale.csproj", "{F82F1AC3-3ECB-4700-A3A2-6444E0D61425}"
EndProject
Project("{9A19103F-16F7-4668-BE54-9A1E7A4F7556}") = "A. Vasya and Socks", "A. Vasya and Socks\A. Vasya and Socks.csproj", "{3731AA96-F6BE-462A-AD56-CD2CDAAAB95B}"
EndProject
Project("{9A19103F-16F7-4668-BE54-9A1E7A4F7556}") = "A. New Year Candles", "A. New Year Candles\A. New Year Candles.csproj", "{378F9228-C343-4370-9EBF-837B61611618}"
EndProject
Project("{9A19103F-16F7-4668-BE54-9A1E7A4F7556}") = "B. Multiply by 2, divide by 6", "B. Multiply by 2, divide by 6\B. Multiply by 2, divide by 6.csproj", "{A9F91259-CFD3-44D5-AE6C-058AF83FEA26}"
EndProject
Project("{9A19103F-16F7-4668-BE54-9A1E7A4F7556}") = "A. Olesya and Rodion", "A. Olesya and Rodion\A. Olesya and Rodion.csproj", "{D000AABA-CAE5-460F-98B2-EEB62869B568}"
EndProject
Project("{9A19103F-16F7-4668-BE54-9A1E7A4F7556}") = "A. Keyboard", "A. Keyboard\A. Keyboard.csproj", "{1182E2A0-B02E-4769-839E-65FF456FB9BE}"
EndProject
Project("{9A19103F-16F7-4668-BE54-9A1E7A4F7556}") = "A. Dreamoon and Stairs", "A. Dreamoon and Stairs\A. Dreamoon and Stairs.csproj", "{19053E6E-59B4-4BA3-9133-E6A8D5AE5050}"
EndProject
Project("{9A19103F-16F7-4668-BE54-9A1E7A4F7556}") = "A. To My Critics", "A. To My Critics\A. To My Critics.csproj", "{BD44A34F-222E-4148-9A87-1D797C70FF59}"
EndProject
Project("{9A19103F-16F7-4668-BE54-9A1E7A4F7556}") = "A. Array with Odd Sum", "A. Array with Odd Sum\A. Array with Odd Sum.csproj", "{1F3D1065-F5E4-40DA-9156-2801FDCFF655}"
EndProject
Project("{9A19103F-16F7-4668-BE54-9A1E7A4F7556}") = "A. Case of the Zeros and Ones", "A. Case of the Zeros and Ones\A. Case of the Zeros and Ones.csproj", "{F29E9B34-DB2E-4C45-8068-631E7C9131C1}"
EndProject
Project("{9A19103F-16F7-4668-BE54-9A1E7A4F7556}") = "A. Park Lighting", "A. Park Lighting\A. Park Lighting.csproj", "{53AC05A0-B05F-460B-998D-E6F7C489B2E2}"
EndProject
Project("{9A19103F-16F7-4668-BE54-9A1E7A4F7556}") = "A. Array Coloring", "A. Array Coloring\A. Array Coloring.csproj", "{9818EC1E-510A-42CE-8339-D54DBD21F352}"
EndProject
Project("{9A19103F-16F7-4668-BE54-9A1E7A4F7556}") = "A. Multiplication Table", "A. Multiplication Table\A. Multiplication Table.csproj", "{4C5D2338-122D-438F-B058-8E2775243271}"
EndProject
Project("{9A19103F-16F7-4668-BE54-9A1E7A4F7556}") = "B. Construct the String", "B. Construct the String\B. Construct the String.csproj", "{47820A0A-C3A9-45D2-ADA8-51F182EB7E05}"
EndProject
Project("{9A19103F-16F7-4668-BE54-9A1E7A4F7556}") = "B. Triple", "B. Triple\B. Triple.csproj", "{CC9934EC-0FBA-4A89-B58E-F9E2B75CAE0A}"
EndProject
Project("{9A19103F-16F7-4668-BE54-9A1E7A4F7556}") = "B. Lecture", "B. Lecture\B. Lecture.csproj", "{918BD7A7-348B-49AD-9B83-149C66E20C4F}"
EndProject
Project("{9A19103F-16F7-4668-BE54-9A1E7A4F7556}") = "A. Business trip", "A. Business trip\A. Business trip.csproj", "{6833D54E-2F5B-4640-A22D-51EAD942B2CF}"
EndProject
Project("{9A19103F-16F7-4668-BE54-9A1E7A4F7556}") = "B. Ten Words of Wisdom", "B. Ten Words of Wisdom\B. Ten Words of Wisdom.csproj", "{79289D4A-B87B-4FDB-914F-807491ADC13F}"
EndProject
Project("{9A19103F-16F7-4668-BE54-9A1E7A4F7556}") = "A. Vasya and Coins", "A. Vasya and Coins\A. Vasya and Coins.csproj", "{6FB09E4F-A982-47E6-A2BA-463FFDC69D2D}"
EndProject
Project("{9A19103F-16F7-4668-BE54-9A1E7A4F7556}") = "C. Word on the Paper", "C. Word on the Paper\C. Word on the Paper.csproj", "{0CC03C85-26DA-4720-891D-EF6F6E868EE9}"
EndProject
Project("{9A19103F-16F7-4668-BE54-9A1E7A4F7556}") = "A. The number of positions", "A. The number of positions\A. The number of positions.csproj", "{6F16D18C-DBB7-4C11-9162-175CD230B2C8}"
EndProject
Project("{9A19103F-16F7-4668-BE54-9A1E7A4F7556}") = "B. Who's Opposite", "B. Who's Opposite\B. Who's Opposite.csproj", "{294C57E4-2FDD-4490-92B0-4B5E42F604CE}"
EndProject
Project("{9A19103F-16F7-4668-BE54-9A1E7A4F7556}") = "B. Blank Space", "B. Blank Space\B. Blank Space.csproj", "{5AEA4F3E-52C4-40DD-B5B8-25D8CAB2715C}"
EndProject
Project("{9A19103F-16F7-4668-BE54-9A1E7A4F7556}") = "B. Two-gram", "B. Two-gram\B. Two-gram.csproj", "{4E5A94D2-85F6-4894-9FF9-78B43709E325}"
EndProject
Project("{9A19103F-16F7-4668-BE54-9A1E7A4F7556}") = "A. Short Sort", "A. Short Sort\A. Short Sort.csproj", "{27E0849F-7C6E-49C3-A6B1-A3E5B3548310}"
EndProject
Project("{9A19103F-16F7-4668-BE54-9A1E7A4F7556}") = "B. Good Kid", "B. Good Kid\B. Good Kid.csproj", "{D23A846D-6F37-4AE5-939B-7C438EF00E16}"
EndProject
Project("{9A19103F-16F7-4668-BE54-9A1E7A4F7556}") = "B. Kana and Dragon Quest game", "B. Kana and Dragon Quest game\B. Kana and Dragon Quest game.csproj", "{B4BD10FE-5B71-4EF6-80C9-F4964D1E356A}"
EndProject
Project("{9A19103F-16F7-4668-BE54-9A1E7A4F7556}") = "A. Two Vessels", "A. Two Vessels\A. Two Vessels.csproj", "{432E3D19-EEF2-4F86-B54F-F6D5DC363674}"
EndProject
Project("{9A19103F-16F7-4668-BE54-9A1E7A4F7556}") = "A. System of Equations", "A. System of Equations\A. System of Equations.csproj", "{B22BD388-2EA5-497E-8B3F-5E6D0C194B8D}"
EndProject
Project("{9A19103F-16F7-4668-BE54-9A1E7A4F7556}") = "A. Magic Numbers", "A. Magic Numbers\A. Magic Numbers.csproj", "{9C64D0A4-6AE9-4464-A49D-7D56B9F9AAD4}"
EndProject
Project("{9A19103F-16F7-4668-BE54-9A1E7A4F7556}") = "A. QAQ", "A. QAQ\A. QAQ.csproj", "{AB90A1E8-38E6-43F3-B0FF-844B5C502FF6}"
EndProject
Project("{9A19103F-16F7-4668-BE54-9A1E7A4F7556}") = "B. Friends and Candies", "B. Friends and Candies\B. Friends and Candies.csproj", "{81A26D0B-607C-4BB3-BA40-04CE63326E5D}"
EndProject
Project("{9A19103F-16F7-4668-BE54-9A1E7A4F7556}") = "C. Odd_Even Increments", "C. Odd_Even Increments\C. Odd_Even Increments.csproj", "{28D085A6-B7D9-4118-BB9C-4877BDEAE7D5}"
EndProject
Project("{9A19103F-16F7-4668-BE54-9A1E7A4F7556}") = "B. 01 Game", "B. 01 Game\B. 01 Game.csproj", "{EB63CC75-4014-4444-96B3-EAF2104A47A1}"
EndProject
Project("{9A19103F-16F7-4668-BE54-9A1E7A4F7556}") = "C. Can I Square", "C. Can I Square\C. Can I Square.csproj", "{AC89B2B3-FFA0-4999-8B6E-614A8D428F2B}"
EndProject
Project("{9A19103F-16F7-4668-BE54-9A1E7A4F7556}") = "A. Cipher Shifer", "A. Cipher Shifer\A. Cipher Shifer.csproj", "{BA394B15-9BF0-45D9-976D-4C418B53C049}"
EndProject
Project("{9A19103F-16F7-4668-BE54-9A1E7A4F7556}") = "C. Clock Conversion", "C. Clock Conversion\C. Clock Conversion.csproj", "{817CB4B6-1E4E-4DF7-8634-1D4C254AE882}"
EndProject
Project("{9A19103F-16F7-4668-BE54-9A1E7A4F7556}") = "A. Turtle Puzzle_Rearrange and Negate", "A. Turtle Puzzle_Rearrange and Negate\A. Turtle Puzzle_Rearrange and Negate.csproj", "{3FC24CCB-1917-4E5E-93B5-9F14C623314E}"
EndProject
Project("{9A19103F-16F7-4668-BE54-9A1E7A4F7556}") = "A. Buttons", "A. Buttons\A. Buttons.csproj", "{9848AA82-F799-4808-B3BB-982E3DF57CB7}"
EndProject
Project("{9A19103F-16F7-4668-BE54-9A1E7A4F7556}") = "B. Upscaling", "B. Upscaling\B. Upscaling.csproj", "{FCB32CB3-175C-42FC-B52E-707311D2B540}"
EndProject
Project("{9A19103F-16F7-4668-BE54-9A1E7A4F7556}") = "B. Maximum Multiple Sum", "B. Maximum Multiple Sum\B. Maximum Multiple Sum.csproj", "{EA8051BD-718F-4ABC-B4CD-B905B19F98D8}"
EndProject
Project("{9A19103F-16F7-4668-BE54-9A1E7A4F7556}") = "A. Problem Generator", "A. Problem Generator\A. Problem Generator.csproj", "{DF2619EA-B3F6-4B47-B9D0-660064249145}"
EndProject
Project("{9A19103F-16F7-4668-BE54-9A1E7A4F7556}") = "A. Rook", "A. Rook\A. Rook.csproj", "{6343F9BC-B883-4A94-A74C-8F54A185C2E5}"
EndProject
Project("{9A19103F-16F7-4668-BE54-9A1E7A4F7556}") = "C. Board Moves", "C. Board Moves\C. Board Moves.csproj", "{CE9805F5-F95C-409B-927E-3A65484C6BE5}"
EndProject
Project("{9A19103F-16F7-4668-BE54-9A1E7A4F7556}") = "D. Balanced Round", "D. Balanced Round\D. Balanced Round.csproj", "{9D0A5FAD-161A-4DD0-A6F7-4A7DCEA5229F}"
EndProject
Project("{9A19103F-16F7-4668-BE54-9A1E7A4F7556}") = "D. 1D Eraser", "D. 1D Eraser\D. 1D Eraser.csproj", "{AE56E4EA-C100-420F-8307-D142EA10188C}"
EndProject
Project("{9A19103F-16F7-4668-BE54-9A1E7A4F7556}") = "A. Sasha and Array Coloring", "A. Sasha and Array Coloring\A. Sasha and Array Coloring.csproj", "{63031C00-1B94-4C4A-A310-248065A76279}"
EndProject
Project("{9A19103F-16F7-4668-BE54-9A1E7A4F7556}") = "B. All Distinct", "B. All Distinct\B. All Distinct.csproj", "{A3D804B6-3493-4CF0-8994-25036E52B68D}"
EndProject
Project("{9A19103F-16F7-4668-BE54-9A1E7A4F7556}") = "A. X Axis", "A. X Axis\A. X Axis.csproj", "{6893BA4E-2AE7-421F-98BD-DE41F7B320E9}"
EndProject
Project("{9A19103F-16F7-4668-BE54-9A1E7A4F7556}") = "A. Jzzhu and Children", "A. Jzzhu and Children\A. Jzzhu and Children.csproj", "{C2BD21FE-A7EE-4A3B-BE91-58C5BC44E9D3}"
EndProject
Project("{9A19103F-16F7-4668-BE54-9A1E7A4F7556}") = "C. Where's the Bishop", "C. Where's the Bishop\C. Where's the Bishop.csproj", "{A1AC3418-B6FB-41CA-B7C7-3D1DD2D5A988}"
EndProject
Project("{9A19103F-16F7-4668-BE54-9A1E7A4F7556}") = "B. Different String", "B. Different String\B. Different String.csproj", "{F0AF0CAF-F85B-4883-9D38-ACC99F7DB9BD}"
EndProject
Project("{9A19103F-16F7-4668-BE54-9A1E7A4F7556}") = "B. Arranging Cats", "B. Arranging Cats\B. Arranging Cats.csproj", "{4FD0D6D4-A4C8-47E8-BA21-157E236DCE7F}"
EndProject
Project("{9A19103F-16F7-4668-BE54-9A1E7A4F7556}") = "A. Wallet Exchange", "A. Wallet Exchange\A. Wallet Exchange.csproj", "{EB0EAE57-C5F5-41AE-BA9F-C9F7F5ACD007}"
EndProject
Project("{9A19103F-16F7-4668-BE54-9A1E7A4F7556}") = "A. I'm bored with life", "A. I'm bored with life\A. I'm bored with life.csproj", "{09EC0FE9-2861-41EC-920D-CEBFEDF88B24}"
EndProject
Project("{9A19103F-16F7-4668-BE54-9A1E7A4F7556}") = "A. 2-3 Moves", "A. 2-3 Moves\A. 2-3 Moves.csproj", "{96DF1CD3-B984-48AE-8468-25176D599923}"
EndProject
Project("{9A19103F-16F7-4668-BE54-9A1E7A4F7556}") = "A. Food for Animals", "A. Food for Animals\A. Food for Animals.csproj", "{0B977079-EF08-4952-B121-FA48DCBA09C9}"
EndProject
Project("{9A19103F-16F7-4668-BE54-9A1E7A4F7556}") = "A. Musical Puzzle", "A. Musical Puzzle\A. Musical Puzzle.csproj", "{E89BD767-EEE3-44D3-94D3-CCC3BD2B31FE}"
EndProject
Project("{9A19103F-16F7-4668-BE54-9A1E7A4F7556}") = "A. Polycarp and Sums of Subsequences", "A. Polycarp and Sums of Subsequences\A. Polycarp and Sums of Subsequences.csproj", "{7D15562C-E2ED-485E-B8C1-9F42EDC15447}"
EndProject
Project("{9A19103F-16F7-4668-BE54-9A1E7A4F7556}") = "A. Rudolph and Cut the Rope", "A. Rudolph and Cut the Rope\A. Rudolph and Cut the Rope.csproj", "{DA2BC3A5-012C-4007-BD64-EB148C4E83D1}"
EndProject
Project("{9A19103F-16F7-4668-BE54-9A1E7A4F7556}") = "A. Gregor and Cryptography", "A. Gregor and Cryptography\A. Gregor and Cryptography.csproj", "{42A7DED5-8C07-44C7-963C-34D59F8E7505}"
EndProject
Project("{9A19103F-16F7-4668-BE54-9A1E7A4F7556}") = "B. Mahmoud and a Triangle", "B. Mahmoud and a Triangle\B. Mahmoud and a Triangle.csproj", "{49B06985-079A-4854-944F-1F8FCF6723A4}"
EndProject
Project("{9A19103F-16F7-4668-BE54-9A1E7A4F7556}") = "B. Choosing Cubes", "B. Choosing Cubes\B. Choosing Cubes.csproj", "{414203A8-868B-49DE-9661-D5BB73AD4D9A}"
EndProject
Project("{9A19103F-16F7-4668-BE54-9A1E7A4F7556}") = "C. Unique Number", "C. Unique Number\C. Unique Number.csproj", "{A13FDB93-3B10-4D73-9F09-9B74D95EB928}"
EndProject
Project("{9A19103F-16F7-4668-BE54-9A1E7A4F7556}") = "A. Only Pluses", "A. Only Pluses\A. Only Pluses.csproj", "{5084F621-7289-4167-AAE6-05DD8C603FB1}"
EndProject
Project("{9A19103F-16F7-4668-BE54-9A1E7A4F7556}") = "B. Following the String", "B. Following the String\B. Following the String.csproj", "{D47BC030-EB68-47FF-A05A-26D4369C48A7}"
EndProject
Project("{9A19103F-16F7-4668-BE54-9A1E7A4F7556}") = "A. Gift Carpet", "A. Gift Carpet\A. Gift Carpet.csproj", "{46D05283-5D09-4E99-A318-154545004144}"
EndProject
Project("{9A19103F-16F7-4668-BE54-9A1E7A4F7556}") = "C. Rudolf and the Ugly String", "C. Rudolf and the Ugly String\C. Rudolf and the Ugly String.csproj", "{DEFCF532-6ECF-4588-BD66-293571C40A18}"
EndProject
Project("{FAE04EC0-301F-11D3-BF4B-00C04F79EFBC}") = "A. Filling Diamonds", "A. Filling Diamonds\A. Filling Diamonds.csproj", "{62FE187F-C800-45AC-993D-538D38A6C0DB}"
EndProject
Global
	GlobalSection(SolutionConfigurationPlatforms) = preSolution
		Debug|Any CPU = Debug|Any CPU
		Release|Any CPU = Release|Any CPU
	EndGlobalSection
	GlobalSection(ProjectConfigurationPlatforms) = postSolution
		{D65FB514-81DA-4AA6-BD58-E577FD64B751}.Debug|Any CPU.ActiveCfg = Debug|Any CPU
		{D65FB514-81DA-4AA6-BD58-E577FD64B751}.Debug|Any CPU.Build.0 = Debug|Any CPU
		{D65FB514-81DA-4AA6-BD58-E577FD64B751}.Release|Any CPU.ActiveCfg = Release|Any CPU
		{D65FB514-81DA-4AA6-BD58-E577FD64B751}.Release|Any CPU.Build.0 = Release|Any CPU
		{E466564C-4C0D-43CD-B01C-943AB0357A8D}.Debug|Any CPU.ActiveCfg = Debug|Any CPU
		{E466564C-4C0D-43CD-B01C-943AB0357A8D}.Debug|Any CPU.Build.0 = Debug|Any CPU
		{E466564C-4C0D-43CD-B01C-943AB0357A8D}.Release|Any CPU.ActiveCfg = Release|Any CPU
		{E466564C-4C0D-43CD-B01C-943AB0357A8D}.Release|Any CPU.Build.0 = Release|Any CPU
		{79E6BA0D-6F4D-4E83-82DA-35EA047C262A}.Debug|Any CPU.ActiveCfg = Debug|Any CPU
		{79E6BA0D-6F4D-4E83-82DA-35EA047C262A}.Debug|Any CPU.Build.0 = Debug|Any CPU
		{79E6BA0D-6F4D-4E83-82DA-35EA047C262A}.Release|Any CPU.ActiveCfg = Release|Any CPU
		{79E6BA0D-6F4D-4E83-82DA-35EA047C262A}.Release|Any CPU.Build.0 = Release|Any CPU
		{E32ADCEC-5969-4557-B634-6D61501098F9}.Debug|Any CPU.ActiveCfg = Debug|Any CPU
		{E32ADCEC-5969-4557-B634-6D61501098F9}.Debug|Any CPU.Build.0 = Debug|Any CPU
		{E32ADCEC-5969-4557-B634-6D61501098F9}.Release|Any CPU.ActiveCfg = Release|Any CPU
		{E32ADCEC-5969-4557-B634-6D61501098F9}.Release|Any CPU.Build.0 = Release|Any CPU
		{DBF2FA12-46F4-4D49-836C-E910DAFF6347}.Debug|Any CPU.ActiveCfg = Debug|Any CPU
		{DBF2FA12-46F4-4D49-836C-E910DAFF6347}.Debug|Any CPU.Build.0 = Debug|Any CPU
		{DBF2FA12-46F4-4D49-836C-E910DAFF6347}.Release|Any CPU.ActiveCfg = Release|Any CPU
		{DBF2FA12-46F4-4D49-836C-E910DAFF6347}.Release|Any CPU.Build.0 = Release|Any CPU
		{AD05D44C-F347-46C4-B8F8-E0C8C52A00BC}.Debug|Any CPU.ActiveCfg = Debug|Any CPU
		{AD05D44C-F347-46C4-B8F8-E0C8C52A00BC}.Debug|Any CPU.Build.0 = Debug|Any CPU
		{AD05D44C-F347-46C4-B8F8-E0C8C52A00BC}.Release|Any CPU.ActiveCfg = Release|Any CPU
		{AD05D44C-F347-46C4-B8F8-E0C8C52A00BC}.Release|Any CPU.Build.0 = Release|Any CPU
		{1A6904F6-BCA7-4B29-8A29-C8D238490711}.Debug|Any CPU.ActiveCfg = Debug|Any CPU
		{1A6904F6-BCA7-4B29-8A29-C8D238490711}.Debug|Any CPU.Build.0 = Debug|Any CPU
		{1A6904F6-BCA7-4B29-8A29-C8D238490711}.Release|Any CPU.ActiveCfg = Release|Any CPU
		{1A6904F6-BCA7-4B29-8A29-C8D238490711}.Release|Any CPU.Build.0 = Release|Any CPU
		{59658C87-4857-4535-82AE-56E3ECFEF23B}.Debug|Any CPU.ActiveCfg = Debug|Any CPU
		{59658C87-4857-4535-82AE-56E3ECFEF23B}.Debug|Any CPU.Build.0 = Debug|Any CPU
		{59658C87-4857-4535-82AE-56E3ECFEF23B}.Release|Any CPU.ActiveCfg = Release|Any CPU
		{59658C87-4857-4535-82AE-56E3ECFEF23B}.Release|Any CPU.Build.0 = Release|Any CPU
		{684D3527-BC2B-44AB-85A6-103E51D72E06}.Debug|Any CPU.ActiveCfg = Debug|Any CPU
		{684D3527-BC2B-44AB-85A6-103E51D72E06}.Debug|Any CPU.Build.0 = Debug|Any CPU
		{684D3527-BC2B-44AB-85A6-103E51D72E06}.Release|Any CPU.ActiveCfg = Release|Any CPU
		{684D3527-BC2B-44AB-85A6-103E51D72E06}.Release|Any CPU.Build.0 = Release|Any CPU
		{0D24CF1E-2B9E-4A31-AF99-5F89122B6F22}.Debug|Any CPU.ActiveCfg = Debug|Any CPU
		{0D24CF1E-2B9E-4A31-AF99-5F89122B6F22}.Debug|Any CPU.Build.0 = Debug|Any CPU
		{0D24CF1E-2B9E-4A31-AF99-5F89122B6F22}.Release|Any CPU.ActiveCfg = Release|Any CPU
		{0D24CF1E-2B9E-4A31-AF99-5F89122B6F22}.Release|Any CPU.Build.0 = Release|Any CPU
		{5130A17A-548D-4D8E-ACDD-6EFC5C59B0B2}.Debug|Any CPU.ActiveCfg = Debug|Any CPU
		{5130A17A-548D-4D8E-ACDD-6EFC5C59B0B2}.Debug|Any CPU.Build.0 = Debug|Any CPU
		{5130A17A-548D-4D8E-ACDD-6EFC5C59B0B2}.Release|Any CPU.ActiveCfg = Release|Any CPU
		{5130A17A-548D-4D8E-ACDD-6EFC5C59B0B2}.Release|Any CPU.Build.0 = Release|Any CPU
		{F82F1AC3-3ECB-4700-A3A2-6444E0D61425}.Debug|Any CPU.ActiveCfg = Debug|Any CPU
		{F82F1AC3-3ECB-4700-A3A2-6444E0D61425}.Debug|Any CPU.Build.0 = Debug|Any CPU
		{F82F1AC3-3ECB-4700-A3A2-6444E0D61425}.Release|Any CPU.ActiveCfg = Release|Any CPU
		{F82F1AC3-3ECB-4700-A3A2-6444E0D61425}.Release|Any CPU.Build.0 = Release|Any CPU
		{3731AA96-F6BE-462A-AD56-CD2CDAAAB95B}.Debug|Any CPU.ActiveCfg = Debug|Any CPU
		{3731AA96-F6BE-462A-AD56-CD2CDAAAB95B}.Debug|Any CPU.Build.0 = Debug|Any CPU
		{3731AA96-F6BE-462A-AD56-CD2CDAAAB95B}.Release|Any CPU.ActiveCfg = Release|Any CPU
		{3731AA96-F6BE-462A-AD56-CD2CDAAAB95B}.Release|Any CPU.Build.0 = Release|Any CPU
		{378F9228-C343-4370-9EBF-837B61611618}.Debug|Any CPU.ActiveCfg = Debug|Any CPU
		{378F9228-C343-4370-9EBF-837B61611618}.Debug|Any CPU.Build.0 = Debug|Any CPU
		{378F9228-C343-4370-9EBF-837B61611618}.Release|Any CPU.ActiveCfg = Release|Any CPU
		{378F9228-C343-4370-9EBF-837B61611618}.Release|Any CPU.Build.0 = Release|Any CPU
		{A9F91259-CFD3-44D5-AE6C-058AF83FEA26}.Debug|Any CPU.ActiveCfg = Debug|Any CPU
		{A9F91259-CFD3-44D5-AE6C-058AF83FEA26}.Debug|Any CPU.Build.0 = Debug|Any CPU
		{A9F91259-CFD3-44D5-AE6C-058AF83FEA26}.Release|Any CPU.ActiveCfg = Release|Any CPU
		{A9F91259-CFD3-44D5-AE6C-058AF83FEA26}.Release|Any CPU.Build.0 = Release|Any CPU
		{D000AABA-CAE5-460F-98B2-EEB62869B568}.Debug|Any CPU.ActiveCfg = Debug|Any CPU
		{D000AABA-CAE5-460F-98B2-EEB62869B568}.Debug|Any CPU.Build.0 = Debug|Any CPU
		{D000AABA-CAE5-460F-98B2-EEB62869B568}.Release|Any CPU.ActiveCfg = Release|Any CPU
		{D000AABA-CAE5-460F-98B2-EEB62869B568}.Release|Any CPU.Build.0 = Release|Any CPU
		{1182E2A0-B02E-4769-839E-65FF456FB9BE}.Debug|Any CPU.ActiveCfg = Debug|Any CPU
		{1182E2A0-B02E-4769-839E-65FF456FB9BE}.Debug|Any CPU.Build.0 = Debug|Any CPU
		{1182E2A0-B02E-4769-839E-65FF456FB9BE}.Release|Any CPU.ActiveCfg = Release|Any CPU
		{1182E2A0-B02E-4769-839E-65FF456FB9BE}.Release|Any CPU.Build.0 = Release|Any CPU
		{19053E6E-59B4-4BA3-9133-E6A8D5AE5050}.Debug|Any CPU.ActiveCfg = Debug|Any CPU
		{19053E6E-59B4-4BA3-9133-E6A8D5AE5050}.Debug|Any CPU.Build.0 = Debug|Any CPU
		{19053E6E-59B4-4BA3-9133-E6A8D5AE5050}.Release|Any CPU.ActiveCfg = Release|Any CPU
		{19053E6E-59B4-4BA3-9133-E6A8D5AE5050}.Release|Any CPU.Build.0 = Release|Any CPU
		{BD44A34F-222E-4148-9A87-1D797C70FF59}.Debug|Any CPU.ActiveCfg = Debug|Any CPU
		{BD44A34F-222E-4148-9A87-1D797C70FF59}.Debug|Any CPU.Build.0 = Debug|Any CPU
		{BD44A34F-222E-4148-9A87-1D797C70FF59}.Release|Any CPU.ActiveCfg = Release|Any CPU
		{BD44A34F-222E-4148-9A87-1D797C70FF59}.Release|Any CPU.Build.0 = Release|Any CPU
		{1F3D1065-F5E4-40DA-9156-2801FDCFF655}.Debug|Any CPU.ActiveCfg = Debug|Any CPU
		{1F3D1065-F5E4-40DA-9156-2801FDCFF655}.Debug|Any CPU.Build.0 = Debug|Any CPU
		{1F3D1065-F5E4-40DA-9156-2801FDCFF655}.Release|Any CPU.ActiveCfg = Release|Any CPU
		{1F3D1065-F5E4-40DA-9156-2801FDCFF655}.Release|Any CPU.Build.0 = Release|Any CPU
		{F29E9B34-DB2E-4C45-8068-631E7C9131C1}.Debug|Any CPU.ActiveCfg = Debug|Any CPU
		{F29E9B34-DB2E-4C45-8068-631E7C9131C1}.Debug|Any CPU.Build.0 = Debug|Any CPU
		{F29E9B34-DB2E-4C45-8068-631E7C9131C1}.Release|Any CPU.ActiveCfg = Release|Any CPU
		{F29E9B34-DB2E-4C45-8068-631E7C9131C1}.Release|Any CPU.Build.0 = Release|Any CPU
		{53AC05A0-B05F-460B-998D-E6F7C489B2E2}.Debug|Any CPU.ActiveCfg = Debug|Any CPU
		{53AC05A0-B05F-460B-998D-E6F7C489B2E2}.Debug|Any CPU.Build.0 = Debug|Any CPU
		{53AC05A0-B05F-460B-998D-E6F7C489B2E2}.Release|Any CPU.ActiveCfg = Release|Any CPU
		{53AC05A0-B05F-460B-998D-E6F7C489B2E2}.Release|Any CPU.Build.0 = Release|Any CPU
		{9818EC1E-510A-42CE-8339-D54DBD21F352}.Debug|Any CPU.ActiveCfg = Debug|Any CPU
		{9818EC1E-510A-42CE-8339-D54DBD21F352}.Debug|Any CPU.Build.0 = Debug|Any CPU
		{9818EC1E-510A-42CE-8339-D54DBD21F352}.Release|Any CPU.ActiveCfg = Release|Any CPU
		{9818EC1E-510A-42CE-8339-D54DBD21F352}.Release|Any CPU.Build.0 = Release|Any CPU
		{4C5D2338-122D-438F-B058-8E2775243271}.Debug|Any CPU.ActiveCfg = Debug|Any CPU
		{4C5D2338-122D-438F-B058-8E2775243271}.Debug|Any CPU.Build.0 = Debug|Any CPU
		{4C5D2338-122D-438F-B058-8E2775243271}.Release|Any CPU.ActiveCfg = Release|Any CPU
		{4C5D2338-122D-438F-B058-8E2775243271}.Release|Any CPU.Build.0 = Release|Any CPU
		{47820A0A-C3A9-45D2-ADA8-51F182EB7E05}.Debug|Any CPU.ActiveCfg = Debug|Any CPU
		{47820A0A-C3A9-45D2-ADA8-51F182EB7E05}.Debug|Any CPU.Build.0 = Debug|Any CPU
		{47820A0A-C3A9-45D2-ADA8-51F182EB7E05}.Release|Any CPU.ActiveCfg = Release|Any CPU
		{47820A0A-C3A9-45D2-ADA8-51F182EB7E05}.Release|Any CPU.Build.0 = Release|Any CPU
		{CC9934EC-0FBA-4A89-B58E-F9E2B75CAE0A}.Debug|Any CPU.ActiveCfg = Debug|Any CPU
		{CC9934EC-0FBA-4A89-B58E-F9E2B75CAE0A}.Debug|Any CPU.Build.0 = Debug|Any CPU
		{CC9934EC-0FBA-4A89-B58E-F9E2B75CAE0A}.Release|Any CPU.ActiveCfg = Release|Any CPU
		{CC9934EC-0FBA-4A89-B58E-F9E2B75CAE0A}.Release|Any CPU.Build.0 = Release|Any CPU
		{918BD7A7-348B-49AD-9B83-149C66E20C4F}.Debug|Any CPU.ActiveCfg = Debug|Any CPU
		{918BD7A7-348B-49AD-9B83-149C66E20C4F}.Debug|Any CPU.Build.0 = Debug|Any CPU
		{918BD7A7-348B-49AD-9B83-149C66E20C4F}.Release|Any CPU.ActiveCfg = Release|Any CPU
		{918BD7A7-348B-49AD-9B83-149C66E20C4F}.Release|Any CPU.Build.0 = Release|Any CPU
		{6833D54E-2F5B-4640-A22D-51EAD942B2CF}.Debug|Any CPU.ActiveCfg = Debug|Any CPU
		{6833D54E-2F5B-4640-A22D-51EAD942B2CF}.Debug|Any CPU.Build.0 = Debug|Any CPU
		{6833D54E-2F5B-4640-A22D-51EAD942B2CF}.Release|Any CPU.ActiveCfg = Release|Any CPU
		{6833D54E-2F5B-4640-A22D-51EAD942B2CF}.Release|Any CPU.Build.0 = Release|Any CPU
		{79289D4A-B87B-4FDB-914F-807491ADC13F}.Debug|Any CPU.ActiveCfg = Debug|Any CPU
		{79289D4A-B87B-4FDB-914F-807491ADC13F}.Debug|Any CPU.Build.0 = Debug|Any CPU
		{79289D4A-B87B-4FDB-914F-807491ADC13F}.Release|Any CPU.ActiveCfg = Release|Any CPU
		{79289D4A-B87B-4FDB-914F-807491ADC13F}.Release|Any CPU.Build.0 = Release|Any CPU
		{6FB09E4F-A982-47E6-A2BA-463FFDC69D2D}.Debug|Any CPU.ActiveCfg = Debug|Any CPU
		{6FB09E4F-A982-47E6-A2BA-463FFDC69D2D}.Debug|Any CPU.Build.0 = Debug|Any CPU
		{6FB09E4F-A982-47E6-A2BA-463FFDC69D2D}.Release|Any CPU.ActiveCfg = Release|Any CPU
		{6FB09E4F-A982-47E6-A2BA-463FFDC69D2D}.Release|Any CPU.Build.0 = Release|Any CPU
		{0CC03C85-26DA-4720-891D-EF6F6E868EE9}.Debug|Any CPU.ActiveCfg = Debug|Any CPU
		{0CC03C85-26DA-4720-891D-EF6F6E868EE9}.Debug|Any CPU.Build.0 = Debug|Any CPU
		{0CC03C85-26DA-4720-891D-EF6F6E868EE9}.Release|Any CPU.ActiveCfg = Release|Any CPU
		{0CC03C85-26DA-4720-891D-EF6F6E868EE9}.Release|Any CPU.Build.0 = Release|Any CPU
		{6F16D18C-DBB7-4C11-9162-175CD230B2C8}.Debug|Any CPU.ActiveCfg = Debug|Any CPU
		{6F16D18C-DBB7-4C11-9162-175CD230B2C8}.Debug|Any CPU.Build.0 = Debug|Any CPU
		{6F16D18C-DBB7-4C11-9162-175CD230B2C8}.Release|Any CPU.ActiveCfg = Release|Any CPU
		{6F16D18C-DBB7-4C11-9162-175CD230B2C8}.Release|Any CPU.Build.0 = Release|Any CPU
		{294C57E4-2FDD-4490-92B0-4B5E42F604CE}.Debug|Any CPU.ActiveCfg = Debug|Any CPU
		{294C57E4-2FDD-4490-92B0-4B5E42F604CE}.Debug|Any CPU.Build.0 = Debug|Any CPU
		{294C57E4-2FDD-4490-92B0-4B5E42F604CE}.Release|Any CPU.ActiveCfg = Release|Any CPU
		{294C57E4-2FDD-4490-92B0-4B5E42F604CE}.Release|Any CPU.Build.0 = Release|Any CPU
		{5AEA4F3E-52C4-40DD-B5B8-25D8CAB2715C}.Debug|Any CPU.ActiveCfg = Debug|Any CPU
		{5AEA4F3E-52C4-40DD-B5B8-25D8CAB2715C}.Debug|Any CPU.Build.0 = Debug|Any CPU
		{5AEA4F3E-52C4-40DD-B5B8-25D8CAB2715C}.Release|Any CPU.ActiveCfg = Release|Any CPU
		{5AEA4F3E-52C4-40DD-B5B8-25D8CAB2715C}.Release|Any CPU.Build.0 = Release|Any CPU
		{4E5A94D2-85F6-4894-9FF9-78B43709E325}.Debug|Any CPU.ActiveCfg = Debug|Any CPU
		{4E5A94D2-85F6-4894-9FF9-78B43709E325}.Debug|Any CPU.Build.0 = Debug|Any CPU
		{4E5A94D2-85F6-4894-9FF9-78B43709E325}.Release|Any CPU.ActiveCfg = Release|Any CPU
		{4E5A94D2-85F6-4894-9FF9-78B43709E325}.Release|Any CPU.Build.0 = Release|Any CPU
		{27E0849F-7C6E-49C3-A6B1-A3E5B3548310}.Debug|Any CPU.ActiveCfg = Debug|Any CPU
		{27E0849F-7C6E-49C3-A6B1-A3E5B3548310}.Debug|Any CPU.Build.0 = Debug|Any CPU
		{27E0849F-7C6E-49C3-A6B1-A3E5B3548310}.Release|Any CPU.ActiveCfg = Release|Any CPU
		{27E0849F-7C6E-49C3-A6B1-A3E5B3548310}.Release|Any CPU.Build.0 = Release|Any CPU
		{D23A846D-6F37-4AE5-939B-7C438EF00E16}.Debug|Any CPU.ActiveCfg = Debug|Any CPU
		{D23A846D-6F37-4AE5-939B-7C438EF00E16}.Debug|Any CPU.Build.0 = Debug|Any CPU
		{D23A846D-6F37-4AE5-939B-7C438EF00E16}.Release|Any CPU.ActiveCfg = Release|Any CPU
		{D23A846D-6F37-4AE5-939B-7C438EF00E16}.Release|Any CPU.Build.0 = Release|Any CPU
		{B4BD10FE-5B71-4EF6-80C9-F4964D1E356A}.Debug|Any CPU.ActiveCfg = Debug|Any CPU
		{B4BD10FE-5B71-4EF6-80C9-F4964D1E356A}.Debug|Any CPU.Build.0 = Debug|Any CPU
		{B4BD10FE-5B71-4EF6-80C9-F4964D1E356A}.Release|Any CPU.ActiveCfg = Release|Any CPU
		{B4BD10FE-5B71-4EF6-80C9-F4964D1E356A}.Release|Any CPU.Build.0 = Release|Any CPU
		{432E3D19-EEF2-4F86-B54F-F6D5DC363674}.Debug|Any CPU.ActiveCfg = Debug|Any CPU
		{432E3D19-EEF2-4F86-B54F-F6D5DC363674}.Debug|Any CPU.Build.0 = Debug|Any CPU
		{432E3D19-EEF2-4F86-B54F-F6D5DC363674}.Release|Any CPU.ActiveCfg = Release|Any CPU
		{432E3D19-EEF2-4F86-B54F-F6D5DC363674}.Release|Any CPU.Build.0 = Release|Any CPU
		{B22BD388-2EA5-497E-8B3F-5E6D0C194B8D}.Debug|Any CPU.ActiveCfg = Debug|Any CPU
		{B22BD388-2EA5-497E-8B3F-5E6D0C194B8D}.Debug|Any CPU.Build.0 = Debug|Any CPU
		{B22BD388-2EA5-497E-8B3F-5E6D0C194B8D}.Release|Any CPU.ActiveCfg = Release|Any CPU
		{B22BD388-2EA5-497E-8B3F-5E6D0C194B8D}.Release|Any CPU.Build.0 = Release|Any CPU
		{9C64D0A4-6AE9-4464-A49D-7D56B9F9AAD4}.Debug|Any CPU.ActiveCfg = Debug|Any CPU
		{9C64D0A4-6AE9-4464-A49D-7D56B9F9AAD4}.Debug|Any CPU.Build.0 = Debug|Any CPU
		{9C64D0A4-6AE9-4464-A49D-7D56B9F9AAD4}.Release|Any CPU.ActiveCfg = Release|Any CPU
		{9C64D0A4-6AE9-4464-A49D-7D56B9F9AAD4}.Release|Any CPU.Build.0 = Release|Any CPU
		{AB90A1E8-38E6-43F3-B0FF-844B5C502FF6}.Debug|Any CPU.ActiveCfg = Debug|Any CPU
		{AB90A1E8-38E6-43F3-B0FF-844B5C502FF6}.Debug|Any CPU.Build.0 = Debug|Any CPU
		{AB90A1E8-38E6-43F3-B0FF-844B5C502FF6}.Release|Any CPU.ActiveCfg = Release|Any CPU
		{AB90A1E8-38E6-43F3-B0FF-844B5C502FF6}.Release|Any CPU.Build.0 = Release|Any CPU
		{81A26D0B-607C-4BB3-BA40-04CE63326E5D}.Debug|Any CPU.ActiveCfg = Debug|Any CPU
		{81A26D0B-607C-4BB3-BA40-04CE63326E5D}.Debug|Any CPU.Build.0 = Debug|Any CPU
		{81A26D0B-607C-4BB3-BA40-04CE63326E5D}.Release|Any CPU.ActiveCfg = Release|Any CPU
		{81A26D0B-607C-4BB3-BA40-04CE63326E5D}.Release|Any CPU.Build.0 = Release|Any CPU
		{28D085A6-B7D9-4118-BB9C-4877BDEAE7D5}.Debug|Any CPU.ActiveCfg = Debug|Any CPU
		{28D085A6-B7D9-4118-BB9C-4877BDEAE7D5}.Debug|Any CPU.Build.0 = Debug|Any CPU
		{28D085A6-B7D9-4118-BB9C-4877BDEAE7D5}.Release|Any CPU.ActiveCfg = Release|Any CPU
		{28D085A6-B7D9-4118-BB9C-4877BDEAE7D5}.Release|Any CPU.Build.0 = Release|Any CPU
		{EB63CC75-4014-4444-96B3-EAF2104A47A1}.Debug|Any CPU.ActiveCfg = Debug|Any CPU
		{EB63CC75-4014-4444-96B3-EAF2104A47A1}.Debug|Any CPU.Build.0 = Debug|Any CPU
		{EB63CC75-4014-4444-96B3-EAF2104A47A1}.Release|Any CPU.ActiveCfg = Release|Any CPU
		{EB63CC75-4014-4444-96B3-EAF2104A47A1}.Release|Any CPU.Build.0 = Release|Any CPU
		{AC89B2B3-FFA0-4999-8B6E-614A8D428F2B}.Debug|Any CPU.ActiveCfg = Debug|Any CPU
		{AC89B2B3-FFA0-4999-8B6E-614A8D428F2B}.Debug|Any CPU.Build.0 = Debug|Any CPU
		{AC89B2B3-FFA0-4999-8B6E-614A8D428F2B}.Release|Any CPU.ActiveCfg = Release|Any CPU
		{AC89B2B3-FFA0-4999-8B6E-614A8D428F2B}.Release|Any CPU.Build.0 = Release|Any CPU
		{BA394B15-9BF0-45D9-976D-4C418B53C049}.Debug|Any CPU.ActiveCfg = Debug|Any CPU
		{BA394B15-9BF0-45D9-976D-4C418B53C049}.Debug|Any CPU.Build.0 = Debug|Any CPU
		{BA394B15-9BF0-45D9-976D-4C418B53C049}.Release|Any CPU.ActiveCfg = Release|Any CPU
		{BA394B15-9BF0-45D9-976D-4C418B53C049}.Release|Any CPU.Build.0 = Release|Any CPU
		{817CB4B6-1E4E-4DF7-8634-1D4C254AE882}.Debug|Any CPU.ActiveCfg = Debug|Any CPU
		{817CB4B6-1E4E-4DF7-8634-1D4C254AE882}.Debug|Any CPU.Build.0 = Debug|Any CPU
		{817CB4B6-1E4E-4DF7-8634-1D4C254AE882}.Release|Any CPU.ActiveCfg = Release|Any CPU
		{817CB4B6-1E4E-4DF7-8634-1D4C254AE882}.Release|Any CPU.Build.0 = Release|Any CPU
		{3FC24CCB-1917-4E5E-93B5-9F14C623314E}.Debug|Any CPU.ActiveCfg = Debug|Any CPU
		{3FC24CCB-1917-4E5E-93B5-9F14C623314E}.Debug|Any CPU.Build.0 = Debug|Any CPU
		{3FC24CCB-1917-4E5E-93B5-9F14C623314E}.Release|Any CPU.ActiveCfg = Release|Any CPU
		{3FC24CCB-1917-4E5E-93B5-9F14C623314E}.Release|Any CPU.Build.0 = Release|Any CPU
		{9848AA82-F799-4808-B3BB-982E3DF57CB7}.Debug|Any CPU.ActiveCfg = Debug|Any CPU
		{9848AA82-F799-4808-B3BB-982E3DF57CB7}.Debug|Any CPU.Build.0 = Debug|Any CPU
		{9848AA82-F799-4808-B3BB-982E3DF57CB7}.Release|Any CPU.ActiveCfg = Release|Any CPU
		{9848AA82-F799-4808-B3BB-982E3DF57CB7}.Release|Any CPU.Build.0 = Release|Any CPU
		{FCB32CB3-175C-42FC-B52E-707311D2B540}.Debug|Any CPU.ActiveCfg = Debug|Any CPU
		{FCB32CB3-175C-42FC-B52E-707311D2B540}.Debug|Any CPU.Build.0 = Debug|Any CPU
		{FCB32CB3-175C-42FC-B52E-707311D2B540}.Release|Any CPU.ActiveCfg = Release|Any CPU
		{FCB32CB3-175C-42FC-B52E-707311D2B540}.Release|Any CPU.Build.0 = Release|Any CPU
		{EA8051BD-718F-4ABC-B4CD-B905B19F98D8}.Debug|Any CPU.ActiveCfg = Debug|Any CPU
		{EA8051BD-718F-4ABC-B4CD-B905B19F98D8}.Debug|Any CPU.Build.0 = Debug|Any CPU
		{EA8051BD-718F-4ABC-B4CD-B905B19F98D8}.Release|Any CPU.ActiveCfg = Release|Any CPU
		{EA8051BD-718F-4ABC-B4CD-B905B19F98D8}.Release|Any CPU.Build.0 = Release|Any CPU
		{DF2619EA-B3F6-4B47-B9D0-660064249145}.Debug|Any CPU.ActiveCfg = Debug|Any CPU
		{DF2619EA-B3F6-4B47-B9D0-660064249145}.Debug|Any CPU.Build.0 = Debug|Any CPU
		{DF2619EA-B3F6-4B47-B9D0-660064249145}.Release|Any CPU.ActiveCfg = Release|Any CPU
		{DF2619EA-B3F6-4B47-B9D0-660064249145}.Release|Any CPU.Build.0 = Release|Any CPU
		{6343F9BC-B883-4A94-A74C-8F54A185C2E5}.Debug|Any CPU.ActiveCfg = Debug|Any CPU
		{6343F9BC-B883-4A94-A74C-8F54A185C2E5}.Debug|Any CPU.Build.0 = Debug|Any CPU
		{6343F9BC-B883-4A94-A74C-8F54A185C2E5}.Release|Any CPU.ActiveCfg = Release|Any CPU
		{6343F9BC-B883-4A94-A74C-8F54A185C2E5}.Release|Any CPU.Build.0 = Release|Any CPU
		{CE9805F5-F95C-409B-927E-3A65484C6BE5}.Debug|Any CPU.ActiveCfg = Debug|Any CPU
		{CE9805F5-F95C-409B-927E-3A65484C6BE5}.Debug|Any CPU.Build.0 = Debug|Any CPU
		{CE9805F5-F95C-409B-927E-3A65484C6BE5}.Release|Any CPU.ActiveCfg = Release|Any CPU
		{CE9805F5-F95C-409B-927E-3A65484C6BE5}.Release|Any CPU.Build.0 = Release|Any CPU
		{9D0A5FAD-161A-4DD0-A6F7-4A7DCEA5229F}.Debug|Any CPU.ActiveCfg = Debug|Any CPU
		{9D0A5FAD-161A-4DD0-A6F7-4A7DCEA5229F}.Debug|Any CPU.Build.0 = Debug|Any CPU
		{9D0A5FAD-161A-4DD0-A6F7-4A7DCEA5229F}.Release|Any CPU.ActiveCfg = Release|Any CPU
		{9D0A5FAD-161A-4DD0-A6F7-4A7DCEA5229F}.Release|Any CPU.Build.0 = Release|Any CPU
		{AE56E4EA-C100-420F-8307-D142EA10188C}.Debug|Any CPU.ActiveCfg = Debug|Any CPU
		{AE56E4EA-C100-420F-8307-D142EA10188C}.Debug|Any CPU.Build.0 = Debug|Any CPU
		{AE56E4EA-C100-420F-8307-D142EA10188C}.Release|Any CPU.ActiveCfg = Release|Any CPU
		{AE56E4EA-C100-420F-8307-D142EA10188C}.Release|Any CPU.Build.0 = Release|Any CPU
		{63031C00-1B94-4C4A-A310-248065A76279}.Debug|Any CPU.ActiveCfg = Debug|Any CPU
		{63031C00-1B94-4C4A-A310-248065A76279}.Debug|Any CPU.Build.0 = Debug|Any CPU
		{63031C00-1B94-4C4A-A310-248065A76279}.Release|Any CPU.ActiveCfg = Release|Any CPU
		{63031C00-1B94-4C4A-A310-248065A76279}.Release|Any CPU.Build.0 = Release|Any CPU
		{A3D804B6-3493-4CF0-8994-25036E52B68D}.Debug|Any CPU.ActiveCfg = Debug|Any CPU
		{A3D804B6-3493-4CF0-8994-25036E52B68D}.Debug|Any CPU.Build.0 = Debug|Any CPU
		{A3D804B6-3493-4CF0-8994-25036E52B68D}.Release|Any CPU.ActiveCfg = Release|Any CPU
		{A3D804B6-3493-4CF0-8994-25036E52B68D}.Release|Any CPU.Build.0 = Release|Any CPU
		{6893BA4E-2AE7-421F-98BD-DE41F7B320E9}.Debug|Any CPU.ActiveCfg = Debug|Any CPU
		{6893BA4E-2AE7-421F-98BD-DE41F7B320E9}.Debug|Any CPU.Build.0 = Debug|Any CPU
		{6893BA4E-2AE7-421F-98BD-DE41F7B320E9}.Release|Any CPU.ActiveCfg = Release|Any CPU
		{6893BA4E-2AE7-421F-98BD-DE41F7B320E9}.Release|Any CPU.Build.0 = Release|Any CPU
		{C2BD21FE-A7EE-4A3B-BE91-58C5BC44E9D3}.Debug|Any CPU.ActiveCfg = Debug|Any CPU
		{C2BD21FE-A7EE-4A3B-BE91-58C5BC44E9D3}.Debug|Any CPU.Build.0 = Debug|Any CPU
		{C2BD21FE-A7EE-4A3B-BE91-58C5BC44E9D3}.Release|Any CPU.ActiveCfg = Release|Any CPU
		{C2BD21FE-A7EE-4A3B-BE91-58C5BC44E9D3}.Release|Any CPU.Build.0 = Release|Any CPU
		{A1AC3418-B6FB-41CA-B7C7-3D1DD2D5A988}.Debug|Any CPU.ActiveCfg = Debug|Any CPU
		{A1AC3418-B6FB-41CA-B7C7-3D1DD2D5A988}.Debug|Any CPU.Build.0 = Debug|Any CPU
		{A1AC3418-B6FB-41CA-B7C7-3D1DD2D5A988}.Release|Any CPU.ActiveCfg = Release|Any CPU
		{A1AC3418-B6FB-41CA-B7C7-3D1DD2D5A988}.Release|Any CPU.Build.0 = Release|Any CPU
		{F0AF0CAF-F85B-4883-9D38-ACC99F7DB9BD}.Debug|Any CPU.ActiveCfg = Debug|Any CPU
		{F0AF0CAF-F85B-4883-9D38-ACC99F7DB9BD}.Debug|Any CPU.Build.0 = Debug|Any CPU
		{F0AF0CAF-F85B-4883-9D38-ACC99F7DB9BD}.Release|Any CPU.ActiveCfg = Release|Any CPU
		{F0AF0CAF-F85B-4883-9D38-ACC99F7DB9BD}.Release|Any CPU.Build.0 = Release|Any CPU
		{4FD0D6D4-A4C8-47E8-BA21-157E236DCE7F}.Debug|Any CPU.ActiveCfg = Debug|Any CPU
		{4FD0D6D4-A4C8-47E8-BA21-157E236DCE7F}.Debug|Any CPU.Build.0 = Debug|Any CPU
		{4FD0D6D4-A4C8-47E8-BA21-157E236DCE7F}.Release|Any CPU.ActiveCfg = Release|Any CPU
		{4FD0D6D4-A4C8-47E8-BA21-157E236DCE7F}.Release|Any CPU.Build.0 = Release|Any CPU
		{EB0EAE57-C5F5-41AE-BA9F-C9F7F5ACD007}.Debug|Any CPU.ActiveCfg = Debug|Any CPU
		{EB0EAE57-C5F5-41AE-BA9F-C9F7F5ACD007}.Debug|Any CPU.Build.0 = Debug|Any CPU
		{EB0EAE57-C5F5-41AE-BA9F-C9F7F5ACD007}.Release|Any CPU.ActiveCfg = Release|Any CPU
		{EB0EAE57-C5F5-41AE-BA9F-C9F7F5ACD007}.Release|Any CPU.Build.0 = Release|Any CPU
		{09EC0FE9-2861-41EC-920D-CEBFEDF88B24}.Debug|Any CPU.ActiveCfg = Debug|Any CPU
		{09EC0FE9-2861-41EC-920D-CEBFEDF88B24}.Debug|Any CPU.Build.0 = Debug|Any CPU
		{09EC0FE9-2861-41EC-920D-CEBFEDF88B24}.Release|Any CPU.ActiveCfg = Release|Any CPU
		{09EC0FE9-2861-41EC-920D-CEBFEDF88B24}.Release|Any CPU.Build.0 = Release|Any CPU
		{96DF1CD3-B984-48AE-8468-25176D599923}.Debug|Any CPU.ActiveCfg = Debug|Any CPU
		{96DF1CD3-B984-48AE-8468-25176D599923}.Debug|Any CPU.Build.0 = Debug|Any CPU
		{96DF1CD3-B984-48AE-8468-25176D599923}.Release|Any CPU.ActiveCfg = Release|Any CPU
		{96DF1CD3-B984-48AE-8468-25176D599923}.Release|Any CPU.Build.0 = Release|Any CPU
		{0B977079-EF08-4952-B121-FA48DCBA09C9}.Debug|Any CPU.ActiveCfg = Debug|Any CPU
		{0B977079-EF08-4952-B121-FA48DCBA09C9}.Debug|Any CPU.Build.0 = Debug|Any CPU
		{0B977079-EF08-4952-B121-FA48DCBA09C9}.Release|Any CPU.ActiveCfg = Release|Any CPU
		{0B977079-EF08-4952-B121-FA48DCBA09C9}.Release|Any CPU.Build.0 = Release|Any CPU
		{E89BD767-EEE3-44D3-94D3-CCC3BD2B31FE}.Debug|Any CPU.ActiveCfg = Debug|Any CPU
		{E89BD767-EEE3-44D3-94D3-CCC3BD2B31FE}.Debug|Any CPU.Build.0 = Debug|Any CPU
		{E89BD767-EEE3-44D3-94D3-CCC3BD2B31FE}.Release|Any CPU.ActiveCfg = Release|Any CPU
		{E89BD767-EEE3-44D3-94D3-CCC3BD2B31FE}.Release|Any CPU.Build.0 = Release|Any CPU
		{7D15562C-E2ED-485E-B8C1-9F42EDC15447}.Debug|Any CPU.ActiveCfg = Debug|Any CPU
		{7D15562C-E2ED-485E-B8C1-9F42EDC15447}.Debug|Any CPU.Build.0 = Debug|Any CPU
		{7D15562C-E2ED-485E-B8C1-9F42EDC15447}.Release|Any CPU.ActiveCfg = Release|Any CPU
		{7D15562C-E2ED-485E-B8C1-9F42EDC15447}.Release|Any CPU.Build.0 = Release|Any CPU
		{DA2BC3A5-012C-4007-BD64-EB148C4E83D1}.Debug|Any CPU.ActiveCfg = Debug|Any CPU
		{DA2BC3A5-012C-4007-BD64-EB148C4E83D1}.Debug|Any CPU.Build.0 = Debug|Any CPU
		{DA2BC3A5-012C-4007-BD64-EB148C4E83D1}.Release|Any CPU.ActiveCfg = Release|Any CPU
		{DA2BC3A5-012C-4007-BD64-EB148C4E83D1}.Release|Any CPU.Build.0 = Release|Any CPU
		{42A7DED5-8C07-44C7-963C-34D59F8E7505}.Debug|Any CPU.ActiveCfg = Debug|Any CPU
		{42A7DED5-8C07-44C7-963C-34D59F8E7505}.Debug|Any CPU.Build.0 = Debug|Any CPU
		{42A7DED5-8C07-44C7-963C-34D59F8E7505}.Release|Any CPU.ActiveCfg = Release|Any CPU
		{42A7DED5-8C07-44C7-963C-34D59F8E7505}.Release|Any CPU.Build.0 = Release|Any CPU
		{49B06985-079A-4854-944F-1F8FCF6723A4}.Debug|Any CPU.ActiveCfg = Debug|Any CPU
		{49B06985-079A-4854-944F-1F8FCF6723A4}.Debug|Any CPU.Build.0 = Debug|Any CPU
		{49B06985-079A-4854-944F-1F8FCF6723A4}.Release|Any CPU.ActiveCfg = Release|Any CPU
		{49B06985-079A-4854-944F-1F8FCF6723A4}.Release|Any CPU.Build.0 = Release|Any CPU
		{414203A8-868B-49DE-9661-D5BB73AD4D9A}.Debug|Any CPU.ActiveCfg = Debug|Any CPU
		{414203A8-868B-49DE-9661-D5BB73AD4D9A}.Debug|Any CPU.Build.0 = Debug|Any CPU
		{414203A8-868B-49DE-9661-D5BB73AD4D9A}.Release|Any CPU.ActiveCfg = Release|Any CPU
		{414203A8-868B-49DE-9661-D5BB73AD4D9A}.Release|Any CPU.Build.0 = Release|Any CPU
		{A13FDB93-3B10-4D73-9F09-9B74D95EB928}.Debug|Any CPU.ActiveCfg = Debug|Any CPU
		{A13FDB93-3B10-4D73-9F09-9B74D95EB928}.Debug|Any CPU.Build.0 = Debug|Any CPU
		{A13FDB93-3B10-4D73-9F09-9B74D95EB928}.Release|Any CPU.ActiveCfg = Release|Any CPU
		{A13FDB93-3B10-4D73-9F09-9B74D95EB928}.Release|Any CPU.Build.0 = Release|Any CPU
		{5084F621-7289-4167-AAE6-05DD8C603FB1}.Debug|Any CPU.ActiveCfg = Debug|Any CPU
		{5084F621-7289-4167-AAE6-05DD8C603FB1}.Debug|Any CPU.Build.0 = Debug|Any CPU
		{5084F621-7289-4167-AAE6-05DD8C603FB1}.Release|Any CPU.ActiveCfg = Release|Any CPU
		{5084F621-7289-4167-AAE6-05DD8C603FB1}.Release|Any CPU.Build.0 = Release|Any CPU
		{D47BC030-EB68-47FF-A05A-26D4369C48A7}.Debug|Any CPU.ActiveCfg = Debug|Any CPU
		{D47BC030-EB68-47FF-A05A-26D4369C48A7}.Debug|Any CPU.Build.0 = Debug|Any CPU
		{D47BC030-EB68-47FF-A05A-26D4369C48A7}.Release|Any CPU.ActiveCfg = Release|Any CPU
		{D47BC030-EB68-47FF-A05A-26D4369C48A7}.Release|Any CPU.Build.0 = Release|Any CPU
		{46D05283-5D09-4E99-A318-154545004144}.Debug|Any CPU.ActiveCfg = Debug|Any CPU
		{46D05283-5D09-4E99-A318-154545004144}.Debug|Any CPU.Build.0 = Debug|Any CPU
		{46D05283-5D09-4E99-A318-154545004144}.Release|Any CPU.ActiveCfg = Release|Any CPU
		{46D05283-5D09-4E99-A318-154545004144}.Release|Any CPU.Build.0 = Release|Any CPU
		{DEFCF532-6ECF-4588-BD66-293571C40A18}.Debug|Any CPU.ActiveCfg = Debug|Any CPU
		{DEFCF532-6ECF-4588-BD66-293571C40A18}.Debug|Any CPU.Build.0 = Debug|Any CPU
		{DEFCF532-6ECF-4588-BD66-293571C40A18}.Release|Any CPU.ActiveCfg = Release|Any CPU
		{DEFCF532-6ECF-4588-BD66-293571C40A18}.Release|Any CPU.Build.0 = Release|Any CPU
		{62FE187F-C800-45AC-993D-538D38A6C0DB}.Debug|Any CPU.ActiveCfg = Debug|Any CPU
		{62FE187F-C800-45AC-993D-538D38A6C0DB}.Debug|Any CPU.Build.0 = Debug|Any CPU
		{62FE187F-C800-45AC-993D-538D38A6C0DB}.Release|Any CPU.ActiveCfg = Release|Any CPU
		{62FE187F-C800-45AC-993D-538D38A6C0DB}.Release|Any CPU.Build.0 = Release|Any CPU
	EndGlobalSection
	GlobalSection(SolutionProperties) = preSolution
		HideSolutionNode = FALSE
	EndGlobalSection
	GlobalSection(ExtensibilityGlobals) = postSolution
		SolutionGuid = {81F1667D-DC5A-4454-9367-36D9C0CC30A1}
	EndGlobalSection
EndGlobal
