
Microsoft Visual Studio Solution File, Format Version 12.00
# Visual Studio Version 17
VisualStudioVersion = 17.6.33815.320
MinimumVisualStudioVersion = 10.0.40219.1
Project("{9A19103F-16F7-4668-BE54-9A1E7A4F7556}") = "Problem Solving", "Problem Solving\Problem Solving.csproj", "{972701EB-3883-4948-BD22-2D9B1AF6CB57}"
EndProject
Project("{FAE04EC0-301F-11D3-BF4B-00C04F79EFBC}") = "O. Pyramid", "O. Pyramid\O. Pyramid.csproj", "{2D5C6741-0CB8-43EB-A1E3-36AF954B3144}"
EndProject
Project("{FAE04EC0-301F-11D3-BF4B-00C04F79EFBC}") = "P. Shape1", "P. Shape1\P. Shape1.csproj", "{9F70AE64-22CE-47AD-B560-C8B0A011AE92}"
EndProject
Global
	GlobalSection(SolutionConfigurationPlatforms) = preSolution
		Debug|Any CPU = Debug|Any CPU
		Release|Any CPU = Release|Any CPU
	EndGlobalSection
	GlobalSection(ProjectConfigurationPlatforms) = postSolution
		{972701EB-3883-4948-BD22-2D9B1AF6CB57}.Debug|Any CPU.ActiveCfg = Debug|Any CPU
		{972701EB-3883-4948-BD22-2D9B1AF6CB57}.Debug|Any CPU.Build.0 = Debug|Any CPU
		{972701EB-3883-4948-BD22-2D9B1AF6CB57}.Release|Any CPU.ActiveCfg = Release|Any CPU
		{972701EB-3883-4948-BD22-2D9B1AF6CB57}.Release|Any CPU.Build.0 = Release|Any CPU
		{2D5C6741-0CB8-43EB-A1E3-36AF954B3144}.Debug|Any CPU.ActiveCfg = Debug|Any CPU
		{2D5C6741-0CB8-43EB-A1E3-36AF954B3144}.Debug|Any CPU.Build.0 = Debug|Any CPU
		{2D5C6741-0CB8-43EB-A1E3-36AF954B3144}.Release|Any CPU.ActiveCfg = Release|Any CPU
		{2D5C6741-0CB8-43EB-A1E3-36AF954B3144}.Release|Any CPU.Build.0 = Release|Any CPU
		{9F70AE64-22CE-47AD-B560-C8B0A011AE92}.Debug|Any CPU.ActiveCfg = Debug|Any CPU
		{9F70AE64-22CE-47AD-B560-C8B0A011AE92}.Debug|Any CPU.Build.0 = Debug|Any CPU
		{9F70AE64-22CE-47AD-B560-C8B0A011AE92}.Release|Any CPU.ActiveCfg = Release|Any CPU
		{9F70AE64-22CE-47AD-B560-C8B0A011AE92}.Release|Any CPU.Build.0 = Release|Any CPU
	EndGlobalSection
	GlobalSection(SolutionProperties) = preSolution
		HideSolutionNode = FALSE
	EndGlobalSection
	GlobalSection(ExtensibilityGlobals) = postSolution
		SolutionGuid = {6AA12399-4009-4A9E-A8FB-25BAD760FE8B}
	EndGlobalSection
EndGlobal
