
Microsoft Visual Studio Solution File, Format Version 12.00
# Visual Studio Version 17
VisualStudioVersion = 17.6.33829.357
MinimumVisualStudioVersion = 10.0.40219.1
Project("{9A19103F-16F7-4668-BE54-9A1E7A4F7556}") = "Sheet #3 (Arrays)_MainFolder", "Sheet #3 (Arrays)_MainFolder\Sheet #3 (Arrays)_MainFolder.csproj", "{EC7B1A36-CBA3-4BBD-9BB2-B8F917E38444}"
EndProject
Project("{9A19103F-16F7-4668-BE54-9A1E7A4F7556}") = "A. Summation", "A. Summation\A. Summation.csproj", "{47A5158F-6D21-4851-8DAC-64D6641A2347}"
EndProject
Project("{9A19103F-16F7-4668-BE54-9A1E7A4F7556}") = "B. Searching", "B. Searching\B. Searching.csproj", "{45A840B7-484E-489B-80CD-CE1B220879EA}"
EndProject
Project("{9A19103F-16F7-4668-BE54-9A1E7A4F7556}") = "C. Replacement", "C. Replacement\C. Replacement.csproj", "{FAB7A8B1-1653-4514-BEBE-8A4AC8C012C6}"
EndProject
Project("{9A19103F-16F7-4668-BE54-9A1E7A4F7556}") = "D. Positions in array", "D. Positions in array\D. Positions in array.csproj", "{DE449137-6113-429F-B20B-8706357A28D1}"
EndProject
Project("{9A19103F-16F7-4668-BE54-9A1E7A4F7556}") = "E. Lowest Number", "E. Lowest Number\E. Lowest Number.csproj", "{9FE0CCC7-B51A-4AB9-A487-25C3B1093D59}"
EndProject
Project("{9A19103F-16F7-4668-BE54-9A1E7A4F7556}") = "F. Reversing", "F. Reversing\F. Reversing.csproj", "{424FE1B2-EE5E-4558-813F-8F906AEDABD2}"
EndProject
Project("{9A19103F-16F7-4668-BE54-9A1E7A4F7556}") = "G. Palindrome Array", "G. Palindrome Array\G. Palindrome Array.csproj", "{DD6786C2-08FF-4A42-AB4B-2D65A2B01472}"
EndProject
Project("{9A19103F-16F7-4668-BE54-9A1E7A4F7556}") = "H. Sorting", "H. Sorting\H. Sorting.csproj", "{15F75890-8037-41BA-A4CE-2164BFE43748}"
EndProject
Project("{9A19103F-16F7-4668-BE54-9A1E7A4F7556}") = "I. Smallest Pair", "I. Smallest Pair\I. Smallest Pair.csproj", "{83EF6B6B-15F5-4AAF-BB9E-AE4A9A950A4E}"
EndProject
Project("{9A19103F-16F7-4668-BE54-9A1E7A4F7556}") = "J. Lucky Array", "J. Lucky Array\J. Lucky Array.csproj", "{A2FF9563-84DD-4EA4-BE80-5BB48B164979}"
EndProject
Project("{9A19103F-16F7-4668-BE54-9A1E7A4F7556}") = "K. Sum Digits", "K. Sum Digits\K. Sum Digits.csproj", "{E45F2ACD-528A-4F5D-A356-F6656F603E3C}"
EndProject
Project("{9A19103F-16F7-4668-BE54-9A1E7A4F7556}") = "L. Max Subarray", "L. Max Subarray\L. Max Subarray.csproj", "{98E13310-A08E-498E-A254-AAC6039DAEF2}"
EndProject
Project("{9A19103F-16F7-4668-BE54-9A1E7A4F7556}") = "M. Replace MinMax", "M. Replace MinMax\M. Replace MinMax.csproj", "{A5301105-503A-4F02-9F51-20E4AC4CC314}"
EndProject
Project("{9A19103F-16F7-4668-BE54-9A1E7A4F7556}") = "N. Check Code", "N. Check Code\N. Check Code.csproj", "{42C1056F-EC1F-4CA1-891E-FDE1C9CED846}"
EndProject
Project("{9A19103F-16F7-4668-BE54-9A1E7A4F7556}") = "O. Fibonacci", "O. Fibonacci\O. Fibonacci.csproj", "{9155578E-0F5A-4749-812F-6A333142CA7F}"
EndProject
Project("{FAE04EC0-301F-11D3-BF4B-00C04F79EFBC}") = "P. Minimize Number", "P. Minimize Number\P. Minimize Number.csproj", "{1F5F9C95-B87E-4BDD-93A6-F08A7028072D}"
EndProject
Project("{FAE04EC0-301F-11D3-BF4B-00C04F79EFBC}") = "Q. Count Subarrays", "Q. Count Subarrays\Q. Count Subarrays.csproj", "{0E464153-BF30-45E8-8DF9-A2C0592FD56A}"
EndProject
Global
	GlobalSection(SolutionConfigurationPlatforms) = preSolution
		Debug|Any CPU = Debug|Any CPU
		Release|Any CPU = Release|Any CPU
	EndGlobalSection
	GlobalSection(ProjectConfigurationPlatforms) = postSolution
		{EC7B1A36-CBA3-4BBD-9BB2-B8F917E38444}.Debug|Any CPU.ActiveCfg = Debug|Any CPU
		{EC7B1A36-CBA3-4BBD-9BB2-B8F917E38444}.Debug|Any CPU.Build.0 = Debug|Any CPU
		{EC7B1A36-CBA3-4BBD-9BB2-B8F917E38444}.Release|Any CPU.ActiveCfg = Release|Any CPU
		{EC7B1A36-CBA3-4BBD-9BB2-B8F917E38444}.Release|Any CPU.Build.0 = Release|Any CPU
		{47A5158F-6D21-4851-8DAC-64D6641A2347}.Debug|Any CPU.ActiveCfg = Debug|Any CPU
		{47A5158F-6D21-4851-8DAC-64D6641A2347}.Debug|Any CPU.Build.0 = Debug|Any CPU
		{47A5158F-6D21-4851-8DAC-64D6641A2347}.Release|Any CPU.ActiveCfg = Release|Any CPU
		{47A5158F-6D21-4851-8DAC-64D6641A2347}.Release|Any CPU.Build.0 = Release|Any CPU
		{45A840B7-484E-489B-80CD-CE1B220879EA}.Debug|Any CPU.ActiveCfg = Debug|Any CPU
		{45A840B7-484E-489B-80CD-CE1B220879EA}.Debug|Any CPU.Build.0 = Debug|Any CPU
		{45A840B7-484E-489B-80CD-CE1B220879EA}.Release|Any CPU.ActiveCfg = Release|Any CPU
		{45A840B7-484E-489B-80CD-CE1B220879EA}.Release|Any CPU.Build.0 = Release|Any CPU
		{FAB7A8B1-1653-4514-BEBE-8A4AC8C012C6}.Debug|Any CPU.ActiveCfg = Debug|Any CPU
		{FAB7A8B1-1653-4514-BEBE-8A4AC8C012C6}.Debug|Any CPU.Build.0 = Debug|Any CPU
		{FAB7A8B1-1653-4514-BEBE-8A4AC8C012C6}.Release|Any CPU.ActiveCfg = Release|Any CPU
		{FAB7A8B1-1653-4514-BEBE-8A4AC8C012C6}.Release|Any CPU.Build.0 = Release|Any CPU
		{DE449137-6113-429F-B20B-8706357A28D1}.Debug|Any CPU.ActiveCfg = Debug|Any CPU
		{DE449137-6113-429F-B20B-8706357A28D1}.Debug|Any CPU.Build.0 = Debug|Any CPU
		{DE449137-6113-429F-B20B-8706357A28D1}.Release|Any CPU.ActiveCfg = Release|Any CPU
		{DE449137-6113-429F-B20B-8706357A28D1}.Release|Any CPU.Build.0 = Release|Any CPU
		{9FE0CCC7-B51A-4AB9-A487-25C3B1093D59}.Debug|Any CPU.ActiveCfg = Debug|Any CPU
		{9FE0CCC7-B51A-4AB9-A487-25C3B1093D59}.Debug|Any CPU.Build.0 = Debug|Any CPU
		{9FE0CCC7-B51A-4AB9-A487-25C3B1093D59}.Release|Any CPU.ActiveCfg = Release|Any CPU
		{9FE0CCC7-B51A-4AB9-A487-25C3B1093D59}.Release|Any CPU.Build.0 = Release|Any CPU
		{424FE1B2-EE5E-4558-813F-8F906AEDABD2}.Debug|Any CPU.ActiveCfg = Debug|Any CPU
		{424FE1B2-EE5E-4558-813F-8F906AEDABD2}.Debug|Any CPU.Build.0 = Debug|Any CPU
		{424FE1B2-EE5E-4558-813F-8F906AEDABD2}.Release|Any CPU.ActiveCfg = Release|Any CPU
		{424FE1B2-EE5E-4558-813F-8F906AEDABD2}.Release|Any CPU.Build.0 = Release|Any CPU
		{DD6786C2-08FF-4A42-AB4B-2D65A2B01472}.Debug|Any CPU.ActiveCfg = Debug|Any CPU
		{DD6786C2-08FF-4A42-AB4B-2D65A2B01472}.Debug|Any CPU.Build.0 = Debug|Any CPU
		{DD6786C2-08FF-4A42-AB4B-2D65A2B01472}.Release|Any CPU.ActiveCfg = Release|Any CPU
		{DD6786C2-08FF-4A42-AB4B-2D65A2B01472}.Release|Any CPU.Build.0 = Release|Any CPU
		{15F75890-8037-41BA-A4CE-2164BFE43748}.Debug|Any CPU.ActiveCfg = Debug|Any CPU
		{15F75890-8037-41BA-A4CE-2164BFE43748}.Debug|Any CPU.Build.0 = Debug|Any CPU
		{15F75890-8037-41BA-A4CE-2164BFE43748}.Release|Any CPU.ActiveCfg = Release|Any CPU
		{15F75890-8037-41BA-A4CE-2164BFE43748}.Release|Any CPU.Build.0 = Release|Any CPU
		{83EF6B6B-15F5-4AAF-BB9E-AE4A9A950A4E}.Debug|Any CPU.ActiveCfg = Debug|Any CPU
		{83EF6B6B-15F5-4AAF-BB9E-AE4A9A950A4E}.Debug|Any CPU.Build.0 = Debug|Any CPU
		{83EF6B6B-15F5-4AAF-BB9E-AE4A9A950A4E}.Release|Any CPU.ActiveCfg = Release|Any CPU
		{83EF6B6B-15F5-4AAF-BB9E-AE4A9A950A4E}.Release|Any CPU.Build.0 = Release|Any CPU
		{A2FF9563-84DD-4EA4-BE80-5BB48B164979}.Debug|Any CPU.ActiveCfg = Debug|Any CPU
		{A2FF9563-84DD-4EA4-BE80-5BB48B164979}.Debug|Any CPU.Build.0 = Debug|Any CPU
		{A2FF9563-84DD-4EA4-BE80-5BB48B164979}.Release|Any CPU.ActiveCfg = Release|Any CPU
		{A2FF9563-84DD-4EA4-BE80-5BB48B164979}.Release|Any CPU.Build.0 = Release|Any CPU
		{E45F2ACD-528A-4F5D-A356-F6656F603E3C}.Debug|Any CPU.ActiveCfg = Debug|Any CPU
		{E45F2ACD-528A-4F5D-A356-F6656F603E3C}.Debug|Any CPU.Build.0 = Debug|Any CPU
		{E45F2ACD-528A-4F5D-A356-F6656F603E3C}.Release|Any CPU.ActiveCfg = Release|Any CPU
		{E45F2ACD-528A-4F5D-A356-F6656F603E3C}.Release|Any CPU.Build.0 = Release|Any CPU
		{98E13310-A08E-498E-A254-AAC6039DAEF2}.Debug|Any CPU.ActiveCfg = Debug|Any CPU
		{98E13310-A08E-498E-A254-AAC6039DAEF2}.Debug|Any CPU.Build.0 = Debug|Any CPU
		{98E13310-A08E-498E-A254-AAC6039DAEF2}.Release|Any CPU.ActiveCfg = Release|Any CPU
		{98E13310-A08E-498E-A254-AAC6039DAEF2}.Release|Any CPU.Build.0 = Release|Any CPU
		{A5301105-503A-4F02-9F51-20E4AC4CC314}.Debug|Any CPU.ActiveCfg = Debug|Any CPU
		{A5301105-503A-4F02-9F51-20E4AC4CC314}.Debug|Any CPU.Build.0 = Debug|Any CPU
		{A5301105-503A-4F02-9F51-20E4AC4CC314}.Release|Any CPU.ActiveCfg = Release|Any CPU
		{A5301105-503A-4F02-9F51-20E4AC4CC314}.Release|Any CPU.Build.0 = Release|Any CPU
		{42C1056F-EC1F-4CA1-891E-FDE1C9CED846}.Debug|Any CPU.ActiveCfg = Debug|Any CPU
		{42C1056F-EC1F-4CA1-891E-FDE1C9CED846}.Debug|Any CPU.Build.0 = Debug|Any CPU
		{42C1056F-EC1F-4CA1-891E-FDE1C9CED846}.Release|Any CPU.ActiveCfg = Release|Any CPU
		{42C1056F-EC1F-4CA1-891E-FDE1C9CED846}.Release|Any CPU.Build.0 = Release|Any CPU
		{9155578E-0F5A-4749-812F-6A333142CA7F}.Debug|Any CPU.ActiveCfg = Debug|Any CPU
		{9155578E-0F5A-4749-812F-6A333142CA7F}.Debug|Any CPU.Build.0 = Debug|Any CPU
		{9155578E-0F5A-4749-812F-6A333142CA7F}.Release|Any CPU.ActiveCfg = Release|Any CPU
		{9155578E-0F5A-4749-812F-6A333142CA7F}.Release|Any CPU.Build.0 = Release|Any CPU
		{1F5F9C95-B87E-4BDD-93A6-F08A7028072D}.Debug|Any CPU.ActiveCfg = Debug|Any CPU
		{1F5F9C95-B87E-4BDD-93A6-F08A7028072D}.Debug|Any CPU.Build.0 = Debug|Any CPU
		{1F5F9C95-B87E-4BDD-93A6-F08A7028072D}.Release|Any CPU.ActiveCfg = Release|Any CPU
		{1F5F9C95-B87E-4BDD-93A6-F08A7028072D}.Release|Any CPU.Build.0 = Release|Any CPU
		{0E464153-BF30-45E8-8DF9-A2C0592FD56A}.Debug|Any CPU.ActiveCfg = Debug|Any CPU
		{0E464153-BF30-45E8-8DF9-A2C0592FD56A}.Debug|Any CPU.Build.0 = Debug|Any CPU
		{0E464153-BF30-45E8-8DF9-A2C0592FD56A}.Release|Any CPU.ActiveCfg = Release|Any CPU
		{0E464153-BF30-45E8-8DF9-A2C0592FD56A}.Release|Any CPU.Build.0 = Release|Any CPU
	EndGlobalSection
	GlobalSection(SolutionProperties) = preSolution
		HideSolutionNode = FALSE
	EndGlobalSection
	GlobalSection(ExtensibilityGlobals) = postSolution
		SolutionGuid = {C9C4AEA2-2F1A-464F-B4FC-9137943FC6B1}
	EndGlobalSection
EndGlobal
