
Microsoft Visual Studio Solution File, Format Version 12.00
# Visual Studio Version 17
VisualStudioVersion = 17.6.33829.357
MinimumVisualStudioVersion = 10.0.40219.1
Project("{9A19103F-16F7-4668-BE54-9A1E7A4F7556}") = "Sheet #3 (Arrays)_MainFolder", "Sheet #3 (Arrays)_MainFolder\Sheet #3 (Arrays)_MainFolder.csproj", "{EC7B1A36-CBA3-4BBD-9BB2-B8F917E38444}"
EndProject
Project("{9A19103F-16F7-4668-BE54-9A1E7A4F7556}") = "A. Summation", "A. Summation\A. Summation.csproj", "{47A5158F-6D21-4851-8DAC-64D6641A2347}"
EndProject
Project("{9A19103F-16F7-4668-BE54-9A1E7A4F7556}") = "B. Searching", "B. Searching\B. Searching.csproj", "{45A840B7-484E-489B-80CD-CE1B220879EA}"
EndProject
Project("{FAE04EC0-301F-11D3-BF4B-00C04F79EFBC}") = "C. Replacement", "C. Replacement\C. Replacement.csproj", "{FAB7A8B1-1653-4514-BEBE-8A4AC8C012C6}"
EndProject
Project("{FAE04EC0-301F-11D3-BF4B-00C04F79EFBC}") = "D. Positions in array", "D. Positions in array\D. Positions in array.csproj", "{DE449137-6113-429F-B20B-8706357A28D1}"
EndProject
Global
	GlobalSection(SolutionConfigurationPlatforms) = preSolution
		Debug|Any CPU = Debug|Any CPU
		Release|Any CPU = Release|Any CPU
	EndGlobalSection
	GlobalSection(ProjectConfigurationPlatforms) = postSolution
		{EC7B1A36-CBA3-4BBD-9BB2-B8F917E38444}.Debug|Any CPU.ActiveCfg = Debug|Any CPU
		{EC7B1A36-CBA3-4BBD-9BB2-B8F917E38444}.Debug|Any CPU.Build.0 = Debug|Any CPU
		{EC7B1A36-CBA3-4BBD-9BB2-B8F917E38444}.Release|Any CPU.ActiveCfg = Release|Any CPU
		{EC7B1A36-CBA3-4BBD-9BB2-B8F917E38444}.Release|Any CPU.Build.0 = Release|Any CPU
		{47A5158F-6D21-4851-8DAC-64D6641A2347}.Debug|Any CPU.ActiveCfg = Debug|Any CPU
		{47A5158F-6D21-4851-8DAC-64D6641A2347}.Debug|Any CPU.Build.0 = Debug|Any CPU
		{47A5158F-6D21-4851-8DAC-64D6641A2347}.Release|Any CPU.ActiveCfg = Release|Any CPU
		{47A5158F-6D21-4851-8DAC-64D6641A2347}.Release|Any CPU.Build.0 = Release|Any CPU
		{45A840B7-484E-489B-80CD-CE1B220879EA}.Debug|Any CPU.ActiveCfg = Debug|Any CPU
		{45A840B7-484E-489B-80CD-CE1B220879EA}.Debug|Any CPU.Build.0 = Debug|Any CPU
		{45A840B7-484E-489B-80CD-CE1B220879EA}.Release|Any CPU.ActiveCfg = Release|Any CPU
		{45A840B7-484E-489B-80CD-CE1B220879EA}.Release|Any CPU.Build.0 = Release|Any CPU
		{FAB7A8B1-1653-4514-BEBE-8A4AC8C012C6}.Debug|Any CPU.ActiveCfg = Debug|Any CPU
		{FAB7A8B1-1653-4514-BEBE-8A4AC8C012C6}.Debug|Any CPU.Build.0 = Debug|Any CPU
		{FAB7A8B1-1653-4514-BEBE-8A4AC8C012C6}.Release|Any CPU.ActiveCfg = Release|Any CPU
		{FAB7A8B1-1653-4514-BEBE-8A4AC8C012C6}.Release|Any CPU.Build.0 = Release|Any CPU
		{DE449137-6113-429F-B20B-8706357A28D1}.Debug|Any CPU.ActiveCfg = Debug|Any CPU
		{DE449137-6113-429F-B20B-8706357A28D1}.Debug|Any CPU.Build.0 = Debug|Any CPU
		{DE449137-6113-429F-B20B-8706357A28D1}.Release|Any CPU.ActiveCfg = Release|Any CPU
		{DE449137-6113-429F-B20B-8706357A28D1}.Release|Any CPU.Build.0 = Release|Any CPU
	EndGlobalSection
	GlobalSection(SolutionProperties) = preSolution
		HideSolutionNode = FALSE
	EndGlobalSection
	GlobalSection(ExtensibilityGlobals) = postSolution
		SolutionGuid = {C9C4AEA2-2F1A-464F-B4FC-9137943FC6B1}
	EndGlobalSection
EndGlobal
