
Microsoft Visual Studio Solution File, Format Version 12.00
# Visual Studio Version 17
VisualStudioVersion = 17.6.33815.320
MinimumVisualStudioVersion = 10.0.40219.1
Project("{9A19103F-16F7-4668-BE54-9A1E7A4F7556}") = "O. Pyramid", "O. Pyramid\O. Pyramid.csproj", "{2D5C6741-0CB8-43EB-A1E3-36AF954B3144}"
EndProject
Project("{9A19103F-16F7-4668-BE54-9A1E7A4F7556}") = "P. Shape1", "P. Shape1\P. Shape1.csproj", "{9F70AE64-22CE-47AD-B560-C8B0A011AE92}"
EndProject
Project("{9A19103F-16F7-4668-BE54-9A1E7A4F7556}") = "Q. Digits", "Q. Digits\Q. Digits.csproj", "{C208A429-DBBA-44B0-A3BF-1533B4DD093A}"
EndProject
Project("{9A19103F-16F7-4668-BE54-9A1E7A4F7556}") = "R. Sequence of Numbers and Sum", "R. Sequence of Numbers and Sum\R. Sequence of Numbers and Sum.csproj", "{53D701D6-C6F6-4B91-B6E0-0F3A2C09BACB}"
EndProject
Project("{9A19103F-16F7-4668-BE54-9A1E7A4F7556}") = "S. Sum of Consecutive Odd Numbers", "S. Sum of Consecutive Odd Numbers\S. Sum of Consecutive Odd Numbers.csproj", "{DC371413-777A-495D-B3A5-8BF4BC88AF6D}"
EndProject
Project("{9A19103F-16F7-4668-BE54-9A1E7A4F7556}") = "T. Shape2", "T. Shape2\T. Shape2.csproj", "{6CCBEE65-936F-4ABE-9ED4-6A806A3CE69D}"
EndProject
Project("{9A19103F-16F7-4668-BE54-9A1E7A4F7556}") = "U. Some Sums", "U. Some Sums\U. Some Sums.csproj", "{807D53BF-0A2F-41AA-AC6B-C44435705862}"
EndProject
Project("{9A19103F-16F7-4668-BE54-9A1E7A4F7556}") = "V. PUM", "V. PUM\V. PUM.csproj", "{0BB524D4-C90D-4BF6-9076-18F648AC9A42}"
EndProject
Project("{9A19103F-16F7-4668-BE54-9A1E7A4F7556}") = "W. Shape3", "W. Shape3\W. Shape3.csproj", "{402B9C67-E2AA-4DA7-AFBB-DFF1FEF69614}"
EndProject
Project("{9A19103F-16F7-4668-BE54-9A1E7A4F7556}") = "X. Convert To Decimal 2", "X. Convert To Decimal 2\X. Convert To Decimal 2.csproj", "{2211616B-D7F4-47E7-8D73-7D165A3CE5AE}"
EndProject
Project("{9A19103F-16F7-4668-BE54-9A1E7A4F7556}") = "Y. Easy Fibonacci", "Y. Easy Fibonacci\Y. Easy Fibonacci.csproj", "{21B6180C-A4C2-4449-AC8C-F77EDD063171}"
EndProject
Project("{9A19103F-16F7-4668-BE54-9A1E7A4F7556}") = "Z. Three Numbers", "Z. Three Numbers\Z. Three Numbers.csproj", "{DD9F54F3-30B1-44D8-A175-6D718A6FFD19}"
EndProject
Project("{FAE04EC0-301F-11D3-BF4B-00C04F79EFBC}") = "A. 1 to N", "A. 1 to N\A. 1 to N.csproj", "{8ADB92C1-4524-4CB2-B3C9-1990CE1C5B40}"
EndProject
Project("{FAE04EC0-301F-11D3-BF4B-00C04F79EFBC}") = "B. Even Numbers", "B. Even Numbers\B. Even Numbers.csproj", "{ABAF9EE4-1611-428F-AE34-9DFC0F7AED17}"
EndProject
Project("{FAE04EC0-301F-11D3-BF4B-00C04F79EFBC}") = "C. Even, Odd, Positive and Negative", "C. Even, Odd, Positive and Negative\C. Even, Odd, Positive and Negative.csproj", "{7EFB9D11-14FC-4071-9005-29736C363A96}"
EndProject
Project("{FAE04EC0-301F-11D3-BF4B-00C04F79EFBC}") = "D. Fixed Password", "D. Fixed Password\D. Fixed Password.csproj", "{E8677E56-9560-4C09-AD89-BE04CC910B33}"
EndProject
Project("{FAE04EC0-301F-11D3-BF4B-00C04F79EFBC}") = "E. Max", "E. Max\E. Max.csproj", "{5E7FB243-0B28-4598-9C56-2D4EAAC08323}"
EndProject
Project("{FAE04EC0-301F-11D3-BF4B-00C04F79EFBC}") = "F. Multiplication table", "F. Multiplication table\F. Multiplication table.csproj", "{9068B25E-C86D-4AC7-82C8-EAA91224D6B8}"
EndProject
Project("{FAE04EC0-301F-11D3-BF4B-00C04F79EFBC}") = "G. Factorial", "G. Factorial\G. Factorial.csproj", "{E89194BD-5D51-4F52-AE7E-C7B435E853E7}"
EndProject
Project("{FAE04EC0-301F-11D3-BF4B-00C04F79EFBC}") = "H. One Prime", "H. One Prime\H. One Prime.csproj", "{90C66374-E38D-4C21-BD08-07F238A67CE7}"
EndProject
Project("{FAE04EC0-301F-11D3-BF4B-00C04F79EFBC}") = "I. Palindrome", "I. Palindrome\I. Palindrome.csproj", "{05F39CFD-9DE7-4A31-9819-E48B6C7F4066}"
EndProject
Project("{FAE04EC0-301F-11D3-BF4B-00C04F79EFBC}") = "J. Primes from 1 to n", "J. Primes from 1 to n\J. Primes from 1 to n.csproj", "{F317F582-ED8B-456A-9D32-BCDA503B0308}"
EndProject
Project("{FAE04EC0-301F-11D3-BF4B-00C04F79EFBC}") = "K. Divisors", "K. Divisors\K. Divisors.csproj", "{C2F900BD-FE4C-4590-9187-75A67A505EFA}"
EndProject
Project("{FAE04EC0-301F-11D3-BF4B-00C04F79EFBC}") = "L. GCD", "L. GCD\L. GCD.csproj", "{23253E41-7B1F-4D87-8AFA-D523F9F884E9}"
EndProject
Project("{FAE04EC0-301F-11D3-BF4B-00C04F79EFBC}") = "M. Lucky Numbers", "M. Lucky Numbers\M. Lucky Numbers.csproj", "{08C26E4A-B9BB-49D7-912D-E59B3F5094DE}"
EndProject
Project("{FAE04EC0-301F-11D3-BF4B-00C04F79EFBC}") = "N. Numbers Histogram", "N. Numbers Histogram\N. Numbers Histogram.csproj", "{224D5F4E-6BF9-42EE-B4A7-0DDCF4EF73BD}"
EndProject
Global
	GlobalSection(SolutionConfigurationPlatforms) = preSolution
		Debug|Any CPU = Debug|Any CPU
		Release|Any CPU = Release|Any CPU
	EndGlobalSection
	GlobalSection(ProjectConfigurationPlatforms) = postSolution
		{2D5C6741-0CB8-43EB-A1E3-36AF954B3144}.Debug|Any CPU.ActiveCfg = Debug|Any CPU
		{2D5C6741-0CB8-43EB-A1E3-36AF954B3144}.Debug|Any CPU.Build.0 = Debug|Any CPU
		{2D5C6741-0CB8-43EB-A1E3-36AF954B3144}.Release|Any CPU.ActiveCfg = Release|Any CPU
		{2D5C6741-0CB8-43EB-A1E3-36AF954B3144}.Release|Any CPU.Build.0 = Release|Any CPU
		{9F70AE64-22CE-47AD-B560-C8B0A011AE92}.Debug|Any CPU.ActiveCfg = Debug|Any CPU
		{9F70AE64-22CE-47AD-B560-C8B0A011AE92}.Debug|Any CPU.Build.0 = Debug|Any CPU
		{9F70AE64-22CE-47AD-B560-C8B0A011AE92}.Release|Any CPU.ActiveCfg = Release|Any CPU
		{9F70AE64-22CE-47AD-B560-C8B0A011AE92}.Release|Any CPU.Build.0 = Release|Any CPU
		{C208A429-DBBA-44B0-A3BF-1533B4DD093A}.Debug|Any CPU.ActiveCfg = Debug|Any CPU
		{C208A429-DBBA-44B0-A3BF-1533B4DD093A}.Debug|Any CPU.Build.0 = Debug|Any CPU
		{C208A429-DBBA-44B0-A3BF-1533B4DD093A}.Release|Any CPU.ActiveCfg = Release|Any CPU
		{C208A429-DBBA-44B0-A3BF-1533B4DD093A}.Release|Any CPU.Build.0 = Release|Any CPU
		{53D701D6-C6F6-4B91-B6E0-0F3A2C09BACB}.Debug|Any CPU.ActiveCfg = Debug|Any CPU
		{53D701D6-C6F6-4B91-B6E0-0F3A2C09BACB}.Debug|Any CPU.Build.0 = Debug|Any CPU
		{53D701D6-C6F6-4B91-B6E0-0F3A2C09BACB}.Release|Any CPU.ActiveCfg = Release|Any CPU
		{53D701D6-C6F6-4B91-B6E0-0F3A2C09BACB}.Release|Any CPU.Build.0 = Release|Any CPU
		{DC371413-777A-495D-B3A5-8BF4BC88AF6D}.Debug|Any CPU.ActiveCfg = Debug|Any CPU
		{DC371413-777A-495D-B3A5-8BF4BC88AF6D}.Debug|Any CPU.Build.0 = Debug|Any CPU
		{DC371413-777A-495D-B3A5-8BF4BC88AF6D}.Release|Any CPU.ActiveCfg = Release|Any CPU
		{DC371413-777A-495D-B3A5-8BF4BC88AF6D}.Release|Any CPU.Build.0 = Release|Any CPU
		{6CCBEE65-936F-4ABE-9ED4-6A806A3CE69D}.Debug|Any CPU.ActiveCfg = Debug|Any CPU
		{6CCBEE65-936F-4ABE-9ED4-6A806A3CE69D}.Debug|Any CPU.Build.0 = Debug|Any CPU
		{6CCBEE65-936F-4ABE-9ED4-6A806A3CE69D}.Release|Any CPU.ActiveCfg = Release|Any CPU
		{6CCBEE65-936F-4ABE-9ED4-6A806A3CE69D}.Release|Any CPU.Build.0 = Release|Any CPU
		{807D53BF-0A2F-41AA-AC6B-C44435705862}.Debug|Any CPU.ActiveCfg = Debug|Any CPU
		{807D53BF-0A2F-41AA-AC6B-C44435705862}.Debug|Any CPU.Build.0 = Debug|Any CPU
		{807D53BF-0A2F-41AA-AC6B-C44435705862}.Release|Any CPU.ActiveCfg = Release|Any CPU
		{807D53BF-0A2F-41AA-AC6B-C44435705862}.Release|Any CPU.Build.0 = Release|Any CPU
		{0BB524D4-C90D-4BF6-9076-18F648AC9A42}.Debug|Any CPU.ActiveCfg = Debug|Any CPU
		{0BB524D4-C90D-4BF6-9076-18F648AC9A42}.Debug|Any CPU.Build.0 = Debug|Any CPU
		{0BB524D4-C90D-4BF6-9076-18F648AC9A42}.Release|Any CPU.ActiveCfg = Release|Any CPU
		{0BB524D4-C90D-4BF6-9076-18F648AC9A42}.Release|Any CPU.Build.0 = Release|Any CPU
		{402B9C67-E2AA-4DA7-AFBB-DFF1FEF69614}.Debug|Any CPU.ActiveCfg = Debug|Any CPU
		{402B9C67-E2AA-4DA7-AFBB-DFF1FEF69614}.Debug|Any CPU.Build.0 = Debug|Any CPU
		{402B9C67-E2AA-4DA7-AFBB-DFF1FEF69614}.Release|Any CPU.ActiveCfg = Release|Any CPU
		{402B9C67-E2AA-4DA7-AFBB-DFF1FEF69614}.Release|Any CPU.Build.0 = Release|Any CPU
		{2211616B-D7F4-47E7-8D73-7D165A3CE5AE}.Debug|Any CPU.ActiveCfg = Debug|Any CPU
		{2211616B-D7F4-47E7-8D73-7D165A3CE5AE}.Debug|Any CPU.Build.0 = Debug|Any CPU
		{2211616B-D7F4-47E7-8D73-7D165A3CE5AE}.Release|Any CPU.ActiveCfg = Release|Any CPU
		{2211616B-D7F4-47E7-8D73-7D165A3CE5AE}.Release|Any CPU.Build.0 = Release|Any CPU
		{21B6180C-A4C2-4449-AC8C-F77EDD063171}.Debug|Any CPU.ActiveCfg = Debug|Any CPU
		{21B6180C-A4C2-4449-AC8C-F77EDD063171}.Debug|Any CPU.Build.0 = Debug|Any CPU
		{21B6180C-A4C2-4449-AC8C-F77EDD063171}.Release|Any CPU.ActiveCfg = Release|Any CPU
		{21B6180C-A4C2-4449-AC8C-F77EDD063171}.Release|Any CPU.Build.0 = Release|Any CPU
		{DD9F54F3-30B1-44D8-A175-6D718A6FFD19}.Debug|Any CPU.ActiveCfg = Debug|Any CPU
		{DD9F54F3-30B1-44D8-A175-6D718A6FFD19}.Debug|Any CPU.Build.0 = Debug|Any CPU
		{DD9F54F3-30B1-44D8-A175-6D718A6FFD19}.Release|Any CPU.ActiveCfg = Release|Any CPU
		{DD9F54F3-30B1-44D8-A175-6D718A6FFD19}.Release|Any CPU.Build.0 = Release|Any CPU
		{8ADB92C1-4524-4CB2-B3C9-1990CE1C5B40}.Debug|Any CPU.ActiveCfg = Debug|Any CPU
		{8ADB92C1-4524-4CB2-B3C9-1990CE1C5B40}.Debug|Any CPU.Build.0 = Debug|Any CPU
		{8ADB92C1-4524-4CB2-B3C9-1990CE1C5B40}.Release|Any CPU.ActiveCfg = Release|Any CPU
		{8ADB92C1-4524-4CB2-B3C9-1990CE1C5B40}.Release|Any CPU.Build.0 = Release|Any CPU
		{ABAF9EE4-1611-428F-AE34-9DFC0F7AED17}.Debug|Any CPU.ActiveCfg = Debug|Any CPU
		{ABAF9EE4-1611-428F-AE34-9DFC0F7AED17}.Debug|Any CPU.Build.0 = Debug|Any CPU
		{ABAF9EE4-1611-428F-AE34-9DFC0F7AED17}.Release|Any CPU.ActiveCfg = Release|Any CPU
		{ABAF9EE4-1611-428F-AE34-9DFC0F7AED17}.Release|Any CPU.Build.0 = Release|Any CPU
		{7EFB9D11-14FC-4071-9005-29736C363A96}.Debug|Any CPU.ActiveCfg = Debug|Any CPU
		{7EFB9D11-14FC-4071-9005-29736C363A96}.Debug|Any CPU.Build.0 = Debug|Any CPU
		{7EFB9D11-14FC-4071-9005-29736C363A96}.Release|Any CPU.ActiveCfg = Release|Any CPU
		{7EFB9D11-14FC-4071-9005-29736C363A96}.Release|Any CPU.Build.0 = Release|Any CPU
		{E8677E56-9560-4C09-AD89-BE04CC910B33}.Debug|Any CPU.ActiveCfg = Debug|Any CPU
		{E8677E56-9560-4C09-AD89-BE04CC910B33}.Debug|Any CPU.Build.0 = Debug|Any CPU
		{E8677E56-9560-4C09-AD89-BE04CC910B33}.Release|Any CPU.ActiveCfg = Release|Any CPU
		{E8677E56-9560-4C09-AD89-BE04CC910B33}.Release|Any CPU.Build.0 = Release|Any CPU
		{5E7FB243-0B28-4598-9C56-2D4EAAC08323}.Debug|Any CPU.ActiveCfg = Debug|Any CPU
		{5E7FB243-0B28-4598-9C56-2D4EAAC08323}.Debug|Any CPU.Build.0 = Debug|Any CPU
		{5E7FB243-0B28-4598-9C56-2D4EAAC08323}.Release|Any CPU.ActiveCfg = Release|Any CPU
		{5E7FB243-0B28-4598-9C56-2D4EAAC08323}.Release|Any CPU.Build.0 = Release|Any CPU
		{9068B25E-C86D-4AC7-82C8-EAA91224D6B8}.Debug|Any CPU.ActiveCfg = Debug|Any CPU
		{9068B25E-C86D-4AC7-82C8-EAA91224D6B8}.Debug|Any CPU.Build.0 = Debug|Any CPU
		{9068B25E-C86D-4AC7-82C8-EAA91224D6B8}.Release|Any CPU.ActiveCfg = Release|Any CPU
		{9068B25E-C86D-4AC7-82C8-EAA91224D6B8}.Release|Any CPU.Build.0 = Release|Any CPU
		{E89194BD-5D51-4F52-AE7E-C7B435E853E7}.Debug|Any CPU.ActiveCfg = Debug|Any CPU
		{E89194BD-5D51-4F52-AE7E-C7B435E853E7}.Debug|Any CPU.Build.0 = Debug|Any CPU
		{E89194BD-5D51-4F52-AE7E-C7B435E853E7}.Release|Any CPU.ActiveCfg = Release|Any CPU
		{E89194BD-5D51-4F52-AE7E-C7B435E853E7}.Release|Any CPU.Build.0 = Release|Any CPU
		{90C66374-E38D-4C21-BD08-07F238A67CE7}.Debug|Any CPU.ActiveCfg = Debug|Any CPU
		{90C66374-E38D-4C21-BD08-07F238A67CE7}.Debug|Any CPU.Build.0 = Debug|Any CPU
		{90C66374-E38D-4C21-BD08-07F238A67CE7}.Release|Any CPU.ActiveCfg = Release|Any CPU
		{90C66374-E38D-4C21-BD08-07F238A67CE7}.Release|Any CPU.Build.0 = Release|Any CPU
		{05F39CFD-9DE7-4A31-9819-E48B6C7F4066}.Debug|Any CPU.ActiveCfg = Debug|Any CPU
		{05F39CFD-9DE7-4A31-9819-E48B6C7F4066}.Debug|Any CPU.Build.0 = Debug|Any CPU
		{05F39CFD-9DE7-4A31-9819-E48B6C7F4066}.Release|Any CPU.ActiveCfg = Release|Any CPU
		{05F39CFD-9DE7-4A31-9819-E48B6C7F4066}.Release|Any CPU.Build.0 = Release|Any CPU
		{F317F582-ED8B-456A-9D32-BCDA503B0308}.Debug|Any CPU.ActiveCfg = Debug|Any CPU
		{F317F582-ED8B-456A-9D32-BCDA503B0308}.Debug|Any CPU.Build.0 = Debug|Any CPU
		{F317F582-ED8B-456A-9D32-BCDA503B0308}.Release|Any CPU.ActiveCfg = Release|Any CPU
		{F317F582-ED8B-456A-9D32-BCDA503B0308}.Release|Any CPU.Build.0 = Release|Any CPU
		{C2F900BD-FE4C-4590-9187-75A67A505EFA}.Debug|Any CPU.ActiveCfg = Debug|Any CPU
		{C2F900BD-FE4C-4590-9187-75A67A505EFA}.Debug|Any CPU.Build.0 = Debug|Any CPU
		{C2F900BD-FE4C-4590-9187-75A67A505EFA}.Release|Any CPU.ActiveCfg = Release|Any CPU
		{C2F900BD-FE4C-4590-9187-75A67A505EFA}.Release|Any CPU.Build.0 = Release|Any CPU
		{23253E41-7B1F-4D87-8AFA-D523F9F884E9}.Debug|Any CPU.ActiveCfg = Debug|Any CPU
		{23253E41-7B1F-4D87-8AFA-D523F9F884E9}.Debug|Any CPU.Build.0 = Debug|Any CPU
		{23253E41-7B1F-4D87-8AFA-D523F9F884E9}.Release|Any CPU.ActiveCfg = Release|Any CPU
		{23253E41-7B1F-4D87-8AFA-D523F9F884E9}.Release|Any CPU.Build.0 = Release|Any CPU
		{08C26E4A-B9BB-49D7-912D-E59B3F5094DE}.Debug|Any CPU.ActiveCfg = Debug|Any CPU
		{08C26E4A-B9BB-49D7-912D-E59B3F5094DE}.Debug|Any CPU.Build.0 = Debug|Any CPU
		{08C26E4A-B9BB-49D7-912D-E59B3F5094DE}.Release|Any CPU.ActiveCfg = Release|Any CPU
		{08C26E4A-B9BB-49D7-912D-E59B3F5094DE}.Release|Any CPU.Build.0 = Release|Any CPU
		{224D5F4E-6BF9-42EE-B4A7-0DDCF4EF73BD}.Debug|Any CPU.ActiveCfg = Debug|Any CPU
		{224D5F4E-6BF9-42EE-B4A7-0DDCF4EF73BD}.Debug|Any CPU.Build.0 = Debug|Any CPU
		{224D5F4E-6BF9-42EE-B4A7-0DDCF4EF73BD}.Release|Any CPU.ActiveCfg = Release|Any CPU
		{224D5F4E-6BF9-42EE-B4A7-0DDCF4EF73BD}.Release|Any CPU.Build.0 = Release|Any CPU
	EndGlobalSection
	GlobalSection(SolutionProperties) = preSolution
		HideSolutionNode = FALSE
	EndGlobalSection
	GlobalSection(ExtensibilityGlobals) = postSolution
		SolutionGuid = {6AA12399-4009-4A9E-A8FB-25BAD760FE8B}
	EndGlobalSection
EndGlobal
