
Microsoft Visual Studio Solution File, Format Version 12.00
# Visual Studio Version 17
VisualStudioVersion = 17.6.33815.320
MinimumVisualStudioVersion = 10.0.40219.1
Project("{9A19103F-16F7-4668-BE54-9A1E7A4F7556}") = "O. Pyramid", "O. Pyramid\O. Pyramid.csproj", "{2D5C6741-0CB8-43EB-A1E3-36AF954B3144}"
EndProject
Project("{9A19103F-16F7-4668-BE54-9A1E7A4F7556}") = "P. Shape1", "P. Shape1\P. Shape1.csproj", "{9F70AE64-22CE-47AD-B560-C8B0A011AE92}"
EndProject
Project("{9A19103F-16F7-4668-BE54-9A1E7A4F7556}") = "Q. Digits", "Q. Digits\Q. Digits.csproj", "{C208A429-DBBA-44B0-A3BF-1533B4DD093A}"
EndProject
Project("{9A19103F-16F7-4668-BE54-9A1E7A4F7556}") = "R. Sequence of Numbers and Sum", "R. Sequence of Numbers and Sum\R. Sequence of Numbers and Sum.csproj", "{53D701D6-C6F6-4B91-B6E0-0F3A2C09BACB}"
EndProject
Project("{9A19103F-16F7-4668-BE54-9A1E7A4F7556}") = "S. Sum of Consecutive Odd Numbers", "S. Sum of Consecutive Odd Numbers\S. Sum of Consecutive Odd Numbers.csproj", "{DC371413-777A-495D-B3A5-8BF4BC88AF6D}"
EndProject
Project("{9A19103F-16F7-4668-BE54-9A1E7A4F7556}") = "T. Shape2", "T. Shape2\T. Shape2.csproj", "{6CCBEE65-936F-4ABE-9ED4-6A806A3CE69D}"
EndProject
Project("{9A19103F-16F7-4668-BE54-9A1E7A4F7556}") = "U. Some Sums", "U. Some Sums\U. Some Sums.csproj", "{807D53BF-0A2F-41AA-AC6B-C44435705862}"
EndProject
Project("{FAE04EC0-301F-11D3-BF4B-00C04F79EFBC}") = "V. PUM", "V. PUM\V. PUM.csproj", "{0BB524D4-C90D-4BF6-9076-18F648AC9A42}"
EndProject
Project("{FAE04EC0-301F-11D3-BF4B-00C04F79EFBC}") = "W. Shape3", "W. Shape3\W. Shape3.csproj", "{402B9C67-E2AA-4DA7-AFBB-DFF1FEF69614}"
EndProject
Project("{FAE04EC0-301F-11D3-BF4B-00C04F79EFBC}") = "X. Convert To Decimal 2", "X. Convert To Decimal 2\X. Convert To Decimal 2.csproj", "{2211616B-D7F4-47E7-8D73-7D165A3CE5AE}"
EndProject
Project("{FAE04EC0-301F-11D3-BF4B-00C04F79EFBC}") = "Y. Easy Fibonacci", "Y. Easy Fibonacci\Y. Easy Fibonacci.csproj", "{21B6180C-A4C2-4449-AC8C-F77EDD063171}"
EndProject
Project("{FAE04EC0-301F-11D3-BF4B-00C04F79EFBC}") = "Z. Three Numbers", "Z. Three Numbers\Z. Three Numbers.csproj", "{DD9F54F3-30B1-44D8-A175-6D718A6FFD19}"
EndProject
Global
	GlobalSection(SolutionConfigurationPlatforms) = preSolution
		Debug|Any CPU = Debug|Any CPU
		Release|Any CPU = Release|Any CPU
	EndGlobalSection
	GlobalSection(ProjectConfigurationPlatforms) = postSolution
		{2D5C6741-0CB8-43EB-A1E3-36AF954B3144}.Debug|Any CPU.ActiveCfg = Debug|Any CPU
		{2D5C6741-0CB8-43EB-A1E3-36AF954B3144}.Debug|Any CPU.Build.0 = Debug|Any CPU
		{2D5C6741-0CB8-43EB-A1E3-36AF954B3144}.Release|Any CPU.ActiveCfg = Release|Any CPU
		{2D5C6741-0CB8-43EB-A1E3-36AF954B3144}.Release|Any CPU.Build.0 = Release|Any CPU
		{9F70AE64-22CE-47AD-B560-C8B0A011AE92}.Debug|Any CPU.ActiveCfg = Debug|Any CPU
		{9F70AE64-22CE-47AD-B560-C8B0A011AE92}.Debug|Any CPU.Build.0 = Debug|Any CPU
		{9F70AE64-22CE-47AD-B560-C8B0A011AE92}.Release|Any CPU.ActiveCfg = Release|Any CPU
		{9F70AE64-22CE-47AD-B560-C8B0A011AE92}.Release|Any CPU.Build.0 = Release|Any CPU
		{C208A429-DBBA-44B0-A3BF-1533B4DD093A}.Debug|Any CPU.ActiveCfg = Debug|Any CPU
		{C208A429-DBBA-44B0-A3BF-1533B4DD093A}.Debug|Any CPU.Build.0 = Debug|Any CPU
		{C208A429-DBBA-44B0-A3BF-1533B4DD093A}.Release|Any CPU.ActiveCfg = Release|Any CPU
		{C208A429-DBBA-44B0-A3BF-1533B4DD093A}.Release|Any CPU.Build.0 = Release|Any CPU
		{53D701D6-C6F6-4B91-B6E0-0F3A2C09BACB}.Debug|Any CPU.ActiveCfg = Debug|Any CPU
		{53D701D6-C6F6-4B91-B6E0-0F3A2C09BACB}.Debug|Any CPU.Build.0 = Debug|Any CPU
		{53D701D6-C6F6-4B91-B6E0-0F3A2C09BACB}.Release|Any CPU.ActiveCfg = Release|Any CPU
		{53D701D6-C6F6-4B91-B6E0-0F3A2C09BACB}.Release|Any CPU.Build.0 = Release|Any CPU
		{DC371413-777A-495D-B3A5-8BF4BC88AF6D}.Debug|Any CPU.ActiveCfg = Debug|Any CPU
		{DC371413-777A-495D-B3A5-8BF4BC88AF6D}.Debug|Any CPU.Build.0 = Debug|Any CPU
		{DC371413-777A-495D-B3A5-8BF4BC88AF6D}.Release|Any CPU.ActiveCfg = Release|Any CPU
		{DC371413-777A-495D-B3A5-8BF4BC88AF6D}.Release|Any CPU.Build.0 = Release|Any CPU
		{6CCBEE65-936F-4ABE-9ED4-6A806A3CE69D}.Debug|Any CPU.ActiveCfg = Debug|Any CPU
		{6CCBEE65-936F-4ABE-9ED4-6A806A3CE69D}.Debug|Any CPU.Build.0 = Debug|Any CPU
		{6CCBEE65-936F-4ABE-9ED4-6A806A3CE69D}.Release|Any CPU.ActiveCfg = Release|Any CPU
		{6CCBEE65-936F-4ABE-9ED4-6A806A3CE69D}.Release|Any CPU.Build.0 = Release|Any CPU
		{807D53BF-0A2F-41AA-AC6B-C44435705862}.Debug|Any CPU.ActiveCfg = Debug|Any CPU
		{807D53BF-0A2F-41AA-AC6B-C44435705862}.Debug|Any CPU.Build.0 = Debug|Any CPU
		{807D53BF-0A2F-41AA-AC6B-C44435705862}.Release|Any CPU.ActiveCfg = Release|Any CPU
		{807D53BF-0A2F-41AA-AC6B-C44435705862}.Release|Any CPU.Build.0 = Release|Any CPU
		{0BB524D4-C90D-4BF6-9076-18F648AC9A42}.Debug|Any CPU.ActiveCfg = Debug|Any CPU
		{0BB524D4-C90D-4BF6-9076-18F648AC9A42}.Debug|Any CPU.Build.0 = Debug|Any CPU
		{0BB524D4-C90D-4BF6-9076-18F648AC9A42}.Release|Any CPU.ActiveCfg = Release|Any CPU
		{0BB524D4-C90D-4BF6-9076-18F648AC9A42}.Release|Any CPU.Build.0 = Release|Any CPU
		{402B9C67-E2AA-4DA7-AFBB-DFF1FEF69614}.Debug|Any CPU.ActiveCfg = Debug|Any CPU
		{402B9C67-E2AA-4DA7-AFBB-DFF1FEF69614}.Debug|Any CPU.Build.0 = Debug|Any CPU
		{402B9C67-E2AA-4DA7-AFBB-DFF1FEF69614}.Release|Any CPU.ActiveCfg = Release|Any CPU
		{402B9C67-E2AA-4DA7-AFBB-DFF1FEF69614}.Release|Any CPU.Build.0 = Release|Any CPU
		{2211616B-D7F4-47E7-8D73-7D165A3CE5AE}.Debug|Any CPU.ActiveCfg = Debug|Any CPU
		{2211616B-D7F4-47E7-8D73-7D165A3CE5AE}.Debug|Any CPU.Build.0 = Debug|Any CPU
		{2211616B-D7F4-47E7-8D73-7D165A3CE5AE}.Release|Any CPU.ActiveCfg = Release|Any CPU
		{2211616B-D7F4-47E7-8D73-7D165A3CE5AE}.Release|Any CPU.Build.0 = Release|Any CPU
		{21B6180C-A4C2-4449-AC8C-F77EDD063171}.Debug|Any CPU.ActiveCfg = Debug|Any CPU
		{21B6180C-A4C2-4449-AC8C-F77EDD063171}.Debug|Any CPU.Build.0 = Debug|Any CPU
		{21B6180C-A4C2-4449-AC8C-F77EDD063171}.Release|Any CPU.ActiveCfg = Release|Any CPU
		{21B6180C-A4C2-4449-AC8C-F77EDD063171}.Release|Any CPU.Build.0 = Release|Any CPU
		{DD9F54F3-30B1-44D8-A175-6D718A6FFD19}.Debug|Any CPU.ActiveCfg = Debug|Any CPU
		{DD9F54F3-30B1-44D8-A175-6D718A6FFD19}.Debug|Any CPU.Build.0 = Debug|Any CPU
		{DD9F54F3-30B1-44D8-A175-6D718A6FFD19}.Release|Any CPU.ActiveCfg = Release|Any CPU
		{DD9F54F3-30B1-44D8-A175-6D718A6FFD19}.Release|Any CPU.Build.0 = Release|Any CPU
	EndGlobalSection
	GlobalSection(SolutionProperties) = preSolution
		HideSolutionNode = FALSE
	EndGlobalSection
	GlobalSection(ExtensibilityGlobals) = postSolution
		SolutionGuid = {6AA12399-4009-4A9E-A8FB-25BAD760FE8B}
	EndGlobalSection
EndGlobal
