
Microsoft Visual Studio Solution File, Format Version 12.00
# Visual Studio Version 17
VisualStudioVersion = 17.6.33829.357
MinimumVisualStudioVersion = 10.0.40219.1
Project("{9A19103F-16F7-4668-BE54-9A1E7A4F7556}") = "Sheet #4 (Strings)_MainFolder", "Sheet #4 (Strings)_MainFolder\Sheet #4 (Strings)_MainFolder.csproj", "{B592D20F-BEC4-4263-9563-5B982A9AF858}"
EndProject
Project("{9A19103F-16F7-4668-BE54-9A1E7A4F7556}") = "A. Create A New String", "A. Create A New String\A. Create A New String.csproj", "{6D9A3B47-E611-4469-82F8-E5BD6BE281B9}"
EndProject
Project("{9A19103F-16F7-4668-BE54-9A1E7A4F7556}") = "B. Let's use Getline", "B. Let's use Getline\B. Let's use Getline.csproj", "{DDBE928F-7039-4A48-B0CE-77558C09CAA8}"
EndProject
Project("{9A19103F-16F7-4668-BE54-9A1E7A4F7556}") = "C. Compare", "C. Compare\C. Compare.csproj", "{254BAAF0-18F5-4B1E-AD95-4BACC6CCCD46}"
EndProject
Project("{9A19103F-16F7-4668-BE54-9A1E7A4F7556}") = "D. Strings", "D. Strings\D. Strings.csproj", "{8F5E1B25-5344-413D-BD13-8377612B6C28}"
EndProject
Project("{9A19103F-16F7-4668-BE54-9A1E7A4F7556}") = "E. Count", "E. Count\E. Count.csproj", "{B24C4BB8-899C-4A61-89F5-C47AFFC3162E}"
EndProject
Project("{9A19103F-16F7-4668-BE54-9A1E7A4F7556}") = "F. Way Too Long Words", "F. Way Too Long Words\F. Way Too Long Words.csproj", "{20F0208C-8A69-4DE6-A1BB-73522B8ABAC6}"
EndProject
Project("{9A19103F-16F7-4668-BE54-9A1E7A4F7556}") = "G. Conversion", "G. Conversion\G. Conversion.csproj", "{E50A3A63-BE0D-47A2-B47E-DDC6DC449018}"
EndProject
Project("{9A19103F-16F7-4668-BE54-9A1E7A4F7556}") = "H. Good or Bad", "H. Good or Bad\H. Good or Bad.csproj", "{44C12BAB-BB34-479C-8CBC-6470697C283F}"
EndProject
Project("{9A19103F-16F7-4668-BE54-9A1E7A4F7556}") = "I. Palindrome", "I. Palindrome\I. Palindrome.csproj", "{B0E4D57E-D4FA-44DF-B0DD-B5073EA19548}"
EndProject
Project("{FAE04EC0-301F-11D3-BF4B-00C04F79EFBC}") = "J. Count Letters", "J. Count Letters\J. Count Letters.csproj", "{26114676-9D55-4E6F-A637-5FE6AD430E61}"
EndProject
Global
	GlobalSection(SolutionConfigurationPlatforms) = preSolution
		Debug|Any CPU = Debug|Any CPU
		Release|Any CPU = Release|Any CPU
	EndGlobalSection
	GlobalSection(ProjectConfigurationPlatforms) = postSolution
		{B592D20F-BEC4-4263-9563-5B982A9AF858}.Debug|Any CPU.ActiveCfg = Debug|Any CPU
		{B592D20F-BEC4-4263-9563-5B982A9AF858}.Debug|Any CPU.Build.0 = Debug|Any CPU
		{B592D20F-BEC4-4263-9563-5B982A9AF858}.Release|Any CPU.ActiveCfg = Release|Any CPU
		{B592D20F-BEC4-4263-9563-5B982A9AF858}.Release|Any CPU.Build.0 = Release|Any CPU
		{6D9A3B47-E611-4469-82F8-E5BD6BE281B9}.Debug|Any CPU.ActiveCfg = Debug|Any CPU
		{6D9A3B47-E611-4469-82F8-E5BD6BE281B9}.Debug|Any CPU.Build.0 = Debug|Any CPU
		{6D9A3B47-E611-4469-82F8-E5BD6BE281B9}.Release|Any CPU.ActiveCfg = Release|Any CPU
		{6D9A3B47-E611-4469-82F8-E5BD6BE281B9}.Release|Any CPU.Build.0 = Release|Any CPU
		{DDBE928F-7039-4A48-B0CE-77558C09CAA8}.Debug|Any CPU.ActiveCfg = Debug|Any CPU
		{DDBE928F-7039-4A48-B0CE-77558C09CAA8}.Debug|Any CPU.Build.0 = Debug|Any CPU
		{DDBE928F-7039-4A48-B0CE-77558C09CAA8}.Release|Any CPU.ActiveCfg = Release|Any CPU
		{DDBE928F-7039-4A48-B0CE-77558C09CAA8}.Release|Any CPU.Build.0 = Release|Any CPU
		{254BAAF0-18F5-4B1E-AD95-4BACC6CCCD46}.Debug|Any CPU.ActiveCfg = Debug|Any CPU
		{254BAAF0-18F5-4B1E-AD95-4BACC6CCCD46}.Debug|Any CPU.Build.0 = Debug|Any CPU
		{254BAAF0-18F5-4B1E-AD95-4BACC6CCCD46}.Release|Any CPU.ActiveCfg = Release|Any CPU
		{254BAAF0-18F5-4B1E-AD95-4BACC6CCCD46}.Release|Any CPU.Build.0 = Release|Any CPU
		{8F5E1B25-5344-413D-BD13-8377612B6C28}.Debug|Any CPU.ActiveCfg = Debug|Any CPU
		{8F5E1B25-5344-413D-BD13-8377612B6C28}.Debug|Any CPU.Build.0 = Debug|Any CPU
		{8F5E1B25-5344-413D-BD13-8377612B6C28}.Release|Any CPU.ActiveCfg = Release|Any CPU
		{8F5E1B25-5344-413D-BD13-8377612B6C28}.Release|Any CPU.Build.0 = Release|Any CPU
		{B24C4BB8-899C-4A61-89F5-C47AFFC3162E}.Debug|Any CPU.ActiveCfg = Debug|Any CPU
		{B24C4BB8-899C-4A61-89F5-C47AFFC3162E}.Debug|Any CPU.Build.0 = Debug|Any CPU
		{B24C4BB8-899C-4A61-89F5-C47AFFC3162E}.Release|Any CPU.ActiveCfg = Release|Any CPU
		{B24C4BB8-899C-4A61-89F5-C47AFFC3162E}.Release|Any CPU.Build.0 = Release|Any CPU
		{20F0208C-8A69-4DE6-A1BB-73522B8ABAC6}.Debug|Any CPU.ActiveCfg = Debug|Any CPU
		{20F0208C-8A69-4DE6-A1BB-73522B8ABAC6}.Debug|Any CPU.Build.0 = Debug|Any CPU
		{20F0208C-8A69-4DE6-A1BB-73522B8ABAC6}.Release|Any CPU.ActiveCfg = Release|Any CPU
		{20F0208C-8A69-4DE6-A1BB-73522B8ABAC6}.Release|Any CPU.Build.0 = Release|Any CPU
		{E50A3A63-BE0D-47A2-B47E-DDC6DC449018}.Debug|Any CPU.ActiveCfg = Debug|Any CPU
		{E50A3A63-BE0D-47A2-B47E-DDC6DC449018}.Debug|Any CPU.Build.0 = Debug|Any CPU
		{E50A3A63-BE0D-47A2-B47E-DDC6DC449018}.Release|Any CPU.ActiveCfg = Release|Any CPU
		{E50A3A63-BE0D-47A2-B47E-DDC6DC449018}.Release|Any CPU.Build.0 = Release|Any CPU
		{44C12BAB-BB34-479C-8CBC-6470697C283F}.Debug|Any CPU.ActiveCfg = Debug|Any CPU
		{44C12BAB-BB34-479C-8CBC-6470697C283F}.Debug|Any CPU.Build.0 = Debug|Any CPU
		{44C12BAB-BB34-479C-8CBC-6470697C283F}.Release|Any CPU.ActiveCfg = Release|Any CPU
		{44C12BAB-BB34-479C-8CBC-6470697C283F}.Release|Any CPU.Build.0 = Release|Any CPU
		{B0E4D57E-D4FA-44DF-B0DD-B5073EA19548}.Debug|Any CPU.ActiveCfg = Debug|Any CPU
		{B0E4D57E-D4FA-44DF-B0DD-B5073EA19548}.Debug|Any CPU.Build.0 = Debug|Any CPU
		{B0E4D57E-D4FA-44DF-B0DD-B5073EA19548}.Release|Any CPU.ActiveCfg = Release|Any CPU
		{B0E4D57E-D4FA-44DF-B0DD-B5073EA19548}.Release|Any CPU.Build.0 = Release|Any CPU
		{26114676-9D55-4E6F-A637-5FE6AD430E61}.Debug|Any CPU.ActiveCfg = Debug|Any CPU
		{26114676-9D55-4E6F-A637-5FE6AD430E61}.Debug|Any CPU.Build.0 = Debug|Any CPU
		{26114676-9D55-4E6F-A637-5FE6AD430E61}.Release|Any CPU.ActiveCfg = Release|Any CPU
		{26114676-9D55-4E6F-A637-5FE6AD430E61}.Release|Any CPU.Build.0 = Release|Any CPU
	EndGlobalSection
	GlobalSection(SolutionProperties) = preSolution
		HideSolutionNode = FALSE
	EndGlobalSection
	GlobalSection(ExtensibilityGlobals) = postSolution
		SolutionGuid = {F4BD6A73-57CB-40DF-81B7-7D6A9F415DE5}
	EndGlobalSection
EndGlobal
