
Microsoft Visual Studio Solution File, Format Version 12.00
# Visual Studio Version 17
VisualStudioVersion = 17.14.37216.2
MinimumVisualStudioVersion = 10.0.40219.1
Project("{FAE04EC0-301F-11D3-BF4B-00C04F79EFBC}") = "LeetCode - Main", "LeetCode\LeetCode - Main.csproj", "{28C6F5DF-87C9-4F0B-ABB6-D7D24DA00B5C}"
EndProject
Project("{FAE04EC0-301F-11D3-BF4B-00C04F79EFBC}") = "Roman to Integer", "Roman to Integer\Roman to Integer.csproj", "{510FC243-D147-4238-A33C-821DA3DDD7A1}"
EndProject
Project("{FAE04EC0-301F-11D3-BF4B-00C04F79EFBC}") = "Valid Parentheses", "Valid Parentheses\Valid Parentheses.csproj", "{09CAFEF1-6A9C-404E-B91F-9D9575AAD70A}"
EndProject
Project("{FAE04EC0-301F-11D3-BF4B-00C04F79EFBC}") = "Merge Two Sorted Lists", "Merge Two Sorted Lists\Merge Two Sorted Lists.csproj", "{1D4435C9-A6C3-4E84-8F70-1D28E1EC5FAA}"
EndProject
Project("{FAE04EC0-301F-11D3-BF4B-00C04F79EFBC}") = "Remove Duplicates from Sorted Array", "Remove Duplicates from Sorted Array\Remove Duplicates from Sorted Array.csproj", "{B8D86C10-B3D4-4209-8E9B-689EB4086869}"
EndProject
Project("{FAE04EC0-301F-11D3-BF4B-00C04F79EFBC}") = "Find the Index of the First Occurrence in a String", "Find the Index of the First Occurrence in a String\Find the Index of the First Occurrence in a String.csproj", "{E1233945-FECD-4F16-8150-A8E14745109F}"
EndProject
Project("{FAE04EC0-301F-11D3-BF4B-00C04F79EFBC}") = "Plus One", "Plus One\Plus One.csproj", "{B0998041-B056-4AB2-9D67-45287EC0BC4C}"
EndProject
Project("{FAE04EC0-301F-11D3-BF4B-00C04F79EFBC}") = "Add Binary", "Add Binary\Add Binary.csproj", "{33751859-F9D3-42C6-B74E-7213FF55DE6E}"
EndProject
Project("{FAE04EC0-301F-11D3-BF4B-00C04F79EFBC}") = "Sqrt(x)", "Sqrt(x)\Sqrt(x).csproj", "{5F3EB6F2-F496-4B1B-B4F4-171C7CAE7ED2}"
EndProject
Project("{FAE04EC0-301F-11D3-BF4B-00C04F79EFBC}") = "Climbing Stairs", "Climbing Stairs\Climbing Stairs.csproj", "{7B15E22C-46F3-4F9F-A977-8252D3B649D3}"
EndProject
Project("{FAE04EC0-301F-11D3-BF4B-00C04F79EFBC}") = "Remove Duplicates from Sotred List", "Remove Duplicates from Sotred List\Remove Duplicates from Sotred List.csproj", "{916642E3-CDB8-48AB-A509-AC5F36EDCE5A}"
EndProject
Project("{FAE04EC0-301F-11D3-BF4B-00C04F79EFBC}") = "Binary Tree Inorder Traversal", "Binary Tree Inorder Traversal\Binary Tree Inorder Traversal.csproj", "{309EA2DF-2544-4362-AE74-D33863924237}"
EndProject
Project("{FAE04EC0-301F-11D3-BF4B-00C04F79EFBC}") = "Same Tree", "Same Tree\Same Tree.csproj", "{E1B6DDA9-B72A-4EFA-A5B3-23EF42E0EDFE}"
EndProject
Project("{FAE04EC0-301F-11D3-BF4B-00C04F79EFBC}") = "Symmetric Tree", "Symmetric Tree\Symmetric Tree.csproj", "{B5EC4B35-E6C7-469E-A2FD-DD2E84362ABC}"
EndProject
Project("{FAE04EC0-301F-11D3-BF4B-00C04F79EFBC}") = "Maximum Depth of Binary Tree", "Maximum Depth of Binary Tree\Maximum Depth of Binary Tree.csproj", "{415B0557-4CFD-46A4-900A-4B5FD694B6ED}"
EndProject
Global
	GlobalSection(SolutionConfigurationPlatforms) = preSolution
		Debug|Any CPU = Debug|Any CPU
		Release|Any CPU = Release|Any CPU
	EndGlobalSection
	GlobalSection(ProjectConfigurationPlatforms) = postSolution
		{28C6F5DF-87C9-4F0B-ABB6-D7D24DA00B5C}.Debug|Any CPU.ActiveCfg = Debug|Any CPU
		{28C6F5DF-87C9-4F0B-ABB6-D7D24DA00B5C}.Debug|Any CPU.Build.0 = Debug|Any CPU
		{28C6F5DF-87C9-4F0B-ABB6-D7D24DA00B5C}.Release|Any CPU.ActiveCfg = Release|Any CPU
		{28C6F5DF-87C9-4F0B-ABB6-D7D24DA00B5C}.Release|Any CPU.Build.0 = Release|Any CPU
		{510FC243-D147-4238-A33C-821DA3DDD7A1}.Debug|Any CPU.ActiveCfg = Debug|Any CPU
		{510FC243-D147-4238-A33C-821DA3DDD7A1}.Debug|Any CPU.Build.0 = Debug|Any CPU
		{510FC243-D147-4238-A33C-821DA3DDD7A1}.Release|Any CPU.ActiveCfg = Release|Any CPU
		{510FC243-D147-4238-A33C-821DA3DDD7A1}.Release|Any CPU.Build.0 = Release|Any CPU
		{09CAFEF1-6A9C-404E-B91F-9D9575AAD70A}.Debug|Any CPU.ActiveCfg = Debug|Any CPU
		{09CAFEF1-6A9C-404E-B91F-9D9575AAD70A}.Debug|Any CPU.Build.0 = Debug|Any CPU
		{09CAFEF1-6A9C-404E-B91F-9D9575AAD70A}.Release|Any CPU.ActiveCfg = Release|Any CPU
		{09CAFEF1-6A9C-404E-B91F-9D9575AAD70A}.Release|Any CPU.Build.0 = Release|Any CPU
		{1D4435C9-A6C3-4E84-8F70-1D28E1EC5FAA}.Debug|Any CPU.ActiveCfg = Debug|Any CPU
		{1D4435C9-A6C3-4E84-8F70-1D28E1EC5FAA}.Debug|Any CPU.Build.0 = Debug|Any CPU
		{1D4435C9-A6C3-4E84-8F70-1D28E1EC5FAA}.Release|Any CPU.ActiveCfg = Release|Any CPU
		{1D4435C9-A6C3-4E84-8F70-1D28E1EC5FAA}.Release|Any CPU.Build.0 = Release|Any CPU
		{B8D86C10-B3D4-4209-8E9B-689EB4086869}.Debug|Any CPU.ActiveCfg = Debug|Any CPU
		{B8D86C10-B3D4-4209-8E9B-689EB4086869}.Debug|Any CPU.Build.0 = Debug|Any CPU
		{B8D86C10-B3D4-4209-8E9B-689EB4086869}.Release|Any CPU.ActiveCfg = Release|Any CPU
		{B8D86C10-B3D4-4209-8E9B-689EB4086869}.Release|Any CPU.Build.0 = Release|Any CPU
		{E1233945-FECD-4F16-8150-A8E14745109F}.Debug|Any CPU.ActiveCfg = Debug|Any CPU
		{E1233945-FECD-4F16-8150-A8E14745109F}.Debug|Any CPU.Build.0 = Debug|Any CPU
		{E1233945-FECD-4F16-8150-A8E14745109F}.Release|Any CPU.ActiveCfg = Release|Any CPU
		{E1233945-FECD-4F16-8150-A8E14745109F}.Release|Any CPU.Build.0 = Release|Any CPU
		{B0998041-B056-4AB2-9D67-45287EC0BC4C}.Debug|Any CPU.ActiveCfg = Debug|Any CPU
		{B0998041-B056-4AB2-9D67-45287EC0BC4C}.Debug|Any CPU.Build.0 = Debug|Any CPU
		{B0998041-B056-4AB2-9D67-45287EC0BC4C}.Release|Any CPU.ActiveCfg = Release|Any CPU
		{B0998041-B056-4AB2-9D67-45287EC0BC4C}.Release|Any CPU.Build.0 = Release|Any CPU
		{33751859-F9D3-42C6-B74E-7213FF55DE6E}.Debug|Any CPU.ActiveCfg = Debug|Any CPU
		{33751859-F9D3-42C6-B74E-7213FF55DE6E}.Debug|Any CPU.Build.0 = Debug|Any CPU
		{33751859-F9D3-42C6-B74E-7213FF55DE6E}.Release|Any CPU.ActiveCfg = Release|Any CPU
		{33751859-F9D3-42C6-B74E-7213FF55DE6E}.Release|Any CPU.Build.0 = Release|Any CPU
		{5F3EB6F2-F496-4B1B-B4F4-171C7CAE7ED2}.Debug|Any CPU.ActiveCfg = Debug|Any CPU
		{5F3EB6F2-F496-4B1B-B4F4-171C7CAE7ED2}.Debug|Any CPU.Build.0 = Debug|Any CPU
		{5F3EB6F2-F496-4B1B-B4F4-171C7CAE7ED2}.Release|Any CPU.ActiveCfg = Release|Any CPU
		{5F3EB6F2-F496-4B1B-B4F4-171C7CAE7ED2}.Release|Any CPU.Build.0 = Release|Any CPU
		{7B15E22C-46F3-4F9F-A977-8252D3B649D3}.Debug|Any CPU.ActiveCfg = Debug|Any CPU
		{7B15E22C-46F3-4F9F-A977-8252D3B649D3}.Debug|Any CPU.Build.0 = Debug|Any CPU
		{7B15E22C-46F3-4F9F-A977-8252D3B649D3}.Release|Any CPU.ActiveCfg = Release|Any CPU
		{7B15E22C-46F3-4F9F-A977-8252D3B649D3}.Release|Any CPU.Build.0 = Release|Any CPU
		{916642E3-CDB8-48AB-A509-AC5F36EDCE5A}.Debug|Any CPU.ActiveCfg = Debug|Any CPU
		{916642E3-CDB8-48AB-A509-AC5F36EDCE5A}.Debug|Any CPU.Build.0 = Debug|Any CPU
		{916642E3-CDB8-48AB-A509-AC5F36EDCE5A}.Release|Any CPU.ActiveCfg = Release|Any CPU
		{916642E3-CDB8-48AB-A509-AC5F36EDCE5A}.Release|Any CPU.Build.0 = Release|Any CPU
		{309EA2DF-2544-4362-AE74-D33863924237}.Debug|Any CPU.ActiveCfg = Debug|Any CPU
		{309EA2DF-2544-4362-AE74-D33863924237}.Debug|Any CPU.Build.0 = Debug|Any CPU
		{309EA2DF-2544-4362-AE74-D33863924237}.Release|Any CPU.ActiveCfg = Release|Any CPU
		{309EA2DF-2544-4362-AE74-D33863924237}.Release|Any CPU.Build.0 = Release|Any CPU
		{E1B6DDA9-B72A-4EFA-A5B3-23EF42E0EDFE}.Debug|Any CPU.ActiveCfg = Debug|Any CPU
		{E1B6DDA9-B72A-4EFA-A5B3-23EF42E0EDFE}.Debug|Any CPU.Build.0 = Debug|Any CPU
		{E1B6DDA9-B72A-4EFA-A5B3-23EF42E0EDFE}.Release|Any CPU.ActiveCfg = Release|Any CPU
		{E1B6DDA9-B72A-4EFA-A5B3-23EF42E0EDFE}.Release|Any CPU.Build.0 = Release|Any CPU
		{B5EC4B35-E6C7-469E-A2FD-DD2E84362ABC}.Debug|Any CPU.ActiveCfg = Debug|Any CPU
		{B5EC4B35-E6C7-469E-A2FD-DD2E84362ABC}.Debug|Any CPU.Build.0 = Debug|Any CPU
		{B5EC4B35-E6C7-469E-A2FD-DD2E84362ABC}.Release|Any CPU.ActiveCfg = Release|Any CPU
		{B5EC4B35-E6C7-469E-A2FD-DD2E84362ABC}.Release|Any CPU.Build.0 = Release|Any CPU
		{415B0557-4CFD-46A4-900A-4B5FD694B6ED}.Debug|Any CPU.ActiveCfg = Debug|Any CPU
		{415B0557-4CFD-46A4-900A-4B5FD694B6ED}.Debug|Any CPU.Build.0 = Debug|Any CPU
		{415B0557-4CFD-46A4-900A-4B5FD694B6ED}.Release|Any CPU.ActiveCfg = Release|Any CPU
		{415B0557-4CFD-46A4-900A-4B5FD694B6ED}.Release|Any CPU.Build.0 = Release|Any CPU
	EndGlobalSection
	GlobalSection(SolutionProperties) = preSolution
		HideSolutionNode = FALSE
	EndGlobalSection
	GlobalSection(ExtensibilityGlobals) = postSolution
		SolutionGuid = {C0147D01-EC54-4537-9364-948EABD7EEA3}
	EndGlobalSection
EndGlobal
