
Microsoft Visual Studio Solution File, Format Version 12.00
# Visual Studio Version 17
VisualStudioVersion = 17.6.33829.357
MinimumVisualStudioVersion = 10.0.40219.1
Project("{9A19103F-16F7-4668-BE54-9A1E7A4F7556}") = "Contest #2_MainFolder", "Contest #2_MainFolder\Contest #2_MainFolder.csproj", "{187D03CD-48B7-4BB7-A8A8-DC1734B8DFB2}"
EndProject
Project("{FAE04EC0-301F-11D3-BF4B-00C04F79EFBC}") = "A. Timon and Pumbaa", "A. Timon and Pumbaa\A. Timon and Pumbaa.csproj", "{03895F87-C7D1-4C24-88A4-84C237DD5212}"
EndProject
Project("{FAE04EC0-301F-11D3-BF4B-00C04F79EFBC}") = "B. Drawing 'X'", "B. Drawing 'X'\B. Drawing 'X'.csproj", "{F9355BCC-8175-4DA5-A962-26BB91736B12}"
EndProject
Global
	GlobalSection(SolutionConfigurationPlatforms) = preSolution
		Debug|Any CPU = Debug|Any CPU
		Release|Any CPU = Release|Any CPU
	EndGlobalSection
	GlobalSection(ProjectConfigurationPlatforms) = postSolution
		{187D03CD-48B7-4BB7-A8A8-DC1734B8DFB2}.Debug|Any CPU.ActiveCfg = Debug|Any CPU
		{187D03CD-48B7-4BB7-A8A8-DC1734B8DFB2}.Debug|Any CPU.Build.0 = Debug|Any CPU
		{187D03CD-48B7-4BB7-A8A8-DC1734B8DFB2}.Release|Any CPU.ActiveCfg = Release|Any CPU
		{187D03CD-48B7-4BB7-A8A8-DC1734B8DFB2}.Release|Any CPU.Build.0 = Release|Any CPU
		{03895F87-C7D1-4C24-88A4-84C237DD5212}.Debug|Any CPU.ActiveCfg = Debug|Any CPU
		{03895F87-C7D1-4C24-88A4-84C237DD5212}.Debug|Any CPU.Build.0 = Debug|Any CPU
		{03895F87-C7D1-4C24-88A4-84C237DD5212}.Release|Any CPU.ActiveCfg = Release|Any CPU
		{03895F87-C7D1-4C24-88A4-84C237DD5212}.Release|Any CPU.Build.0 = Release|Any CPU
		{F9355BCC-8175-4DA5-A962-26BB91736B12}.Debug|Any CPU.ActiveCfg = Debug|Any CPU
		{F9355BCC-8175-4DA5-A962-26BB91736B12}.Debug|Any CPU.Build.0 = Debug|Any CPU
		{F9355BCC-8175-4DA5-A962-26BB91736B12}.Release|Any CPU.ActiveCfg = Release|Any CPU
		{F9355BCC-8175-4DA5-A962-26BB91736B12}.Release|Any CPU.Build.0 = Release|Any CPU
	EndGlobalSection
	GlobalSection(SolutionProperties) = preSolution
		HideSolutionNode = FALSE
	EndGlobalSection
	GlobalSection(ExtensibilityGlobals) = postSolution
		SolutionGuid = {109DDA1F-DE6B-41D5-B84F-807463913482}
	EndGlobalSection
EndGlobal
